<?xml version="1.0" encoding="utf-8"?>
<Project ToolsVersion="4.0" xmlns="http://schemas.microsoft.com/developer/msbuild/2003">
  <ItemGroup>
    <Filter Include="Header Files">
      <UniqueIdentifier>{21EB8090-0D4E-1035-B6D3-48EBA215DCB7}</UniqueIdentifier>
    </Filter>
    <Filter Include="Source Files">
      <UniqueIdentifier>{E9C7FDCE-D52A-8D73-7EB0-C5296AF258F6}</UniqueIdentifier>
    </Filter>
  </ItemGroup>
  <ItemGroup>
    <ClInclude Include="slang-allocator.h">
      <Filter>Header Files</Filter>
    </ClInclude>
    <ClInclude Include="slang-array-view.h">
      <Filter>Header Files</Filter>
    </ClInclude>
    <ClInclude Include="slang-array.h">
      <Filter>Header Files</Filter>
    </ClInclude>
    <ClInclude Include="slang-basic.h">
      <Filter>Header Files</Filter>
    </ClInclude>
    <ClInclude Include="slang-byte-encode-util.h">
      <Filter>Header Files</Filter>
    </ClInclude>
    <ClInclude Include="slang-common.h">
      <Filter>Header Files</Filter>
    </ClInclude>
    <ClInclude Include="slang-cpp-compiler.h">
      <Filter>Header Files</Filter>
    </ClInclude>
    <ClInclude Include="slang-dictionary.h">
      <Filter>Header Files</Filter>
    </ClInclude>
    <ClInclude Include="slang-exception.h">
      <Filter>Header Files</Filter>
    </ClInclude>
    <ClInclude Include="slang-free-list.h">
      <Filter>Header Files</Filter>
    </ClInclude>
    <ClInclude Include="slang-gcc-compiler-util.h">
      <Filter>Header Files</Filter>
    </ClInclude>
    <ClInclude Include="slang-hash.h">
      <Filter>Header Files</Filter>
    </ClInclude>
    <ClInclude Include="slang-hex-dump-util.h">
      <Filter>Header Files</Filter>
    </ClInclude>
    <ClInclude Include="slang-io.h">
      <Filter>Header Files</Filter>
    </ClInclude>
    <ClInclude Include="slang-list.h">
      <Filter>Header Files</Filter>
    </ClInclude>
    <ClInclude Include="slang-math.h">
      <Filter>Header Files</Filter>
    </ClInclude>
    <ClInclude Include="slang-memory-arena.h">
      <Filter>Header Files</Filter>
    </ClInclude>
    <ClInclude Include="slang-object-scope-manager.h">
      <Filter>Header Files</Filter>
    </ClInclude>
    <ClInclude Include="slang-platform.h">
      <Filter>Header Files</Filter>
    </ClInclude>
    <ClInclude Include="slang-process-util.h">
      <Filter>Header Files</Filter>
    </ClInclude>
    <ClInclude Include="slang-random-generator.h">
      <Filter>Header Files</Filter>
    </ClInclude>
    <ClInclude Include="slang-render-api-util.h">
      <Filter>Header Files</Filter>
    </ClInclude>
    <ClInclude Include="slang-secure-crt.h">
      <Filter>Header Files</Filter>
    </ClInclude>
    <ClInclude Include="slang-shared-library.h">
      <Filter>Header Files</Filter>
    </ClInclude>
    <ClInclude Include="slang-smart-pointer.h">
      <Filter>Header Files</Filter>
    </ClInclude>
    <ClInclude Include="slang-std-writers.h">
      <Filter>Header Files</Filter>
    </ClInclude>
    <ClInclude Include="slang-stream.h">
      <Filter>Header Files</Filter>
    </ClInclude>
    <ClInclude Include="slang-string-slice-pool.h">
      <Filter>Header Files</Filter>
    </ClInclude>
    <ClInclude Include="slang-string-util.h">
      <Filter>Header Files</Filter>
    </ClInclude>
    <ClInclude Include="slang-string.h">
      <Filter>Header Files</Filter>
    </ClInclude>
    <ClInclude Include="slang-test-tool-util.h">
      <Filter>Header Files</Filter>
    </ClInclude>
    <ClInclude Include="slang-text-io.h">
      <Filter>Header Files</Filter>
    </ClInclude>
    <ClInclude Include="slang-token-reader.h">
      <Filter>Header Files</Filter>
    </ClInclude>
    <ClInclude Include="slang-type-traits.h">
      <Filter>Header Files</Filter>
    </ClInclude>
    <ClInclude Include="slang-uint-set.h">
      <Filter>Header Files</Filter>
    </ClInclude>
    <ClInclude Include="slang-visual-studio-compiler-util.h">
      <Filter>Header Files</Filter>
    </ClInclude>
    <ClInclude Include="slang-writer.h">
      <Filter>Header Files</Filter>
    </ClInclude>
    <ClInclude Include="windows\slang-win-visual-studio-util.h">
      <Filter>Header Files</Filter>
    </ClInclude>
  </ItemGroup>
  <ItemGroup>
    <ClCompile Include="slang-byte-encode-util.cpp">
      <Filter>Source Files</Filter>
    </ClCompile>
    <ClCompile Include="slang-cpp-compiler.cpp">
      <Filter>Source Files</Filter>
    </ClCompile>
    <ClCompile Include="slang-free-list.cpp">
      <Filter>Source Files</Filter>
    </ClCompile>
    <ClCompile Include="slang-gcc-compiler-util.cpp">
      <Filter>Source Files</Filter>
    </ClCompile>
    <ClCompile Include="slang-hex-dump-util.cpp">
      <Filter>Source Files</Filter>
    </ClCompile>
    <ClCompile Include="slang-io.cpp">
      <Filter>Source Files</Filter>
    </ClCompile>
    <ClCompile Include="slang-memory-arena.cpp">
      <Filter>Source Files</Filter>
    </ClCompile>
    <ClCompile Include="slang-object-scope-manager.cpp">
      <Filter>Source Files</Filter>
    </ClCompile>
    <ClCompile Include="slang-platform.cpp">
      <Filter>Source Files</Filter>
    </ClCompile>
    <ClCompile Include="slang-random-generator.cpp">
      <Filter>Source Files</Filter>
    </ClCompile>
    <ClCompile Include="slang-render-api-util.cpp">
      <Filter>Source Files</Filter>
    </ClCompile>
    <ClCompile Include="slang-shared-library.cpp">
      <Filter>Source Files</Filter>
    </ClCompile>
    <ClCompile Include="slang-std-writers.cpp">
      <Filter>Source Files</Filter>
    </ClCompile>
    <ClCompile Include="slang-stream.cpp">
      <Filter>Source Files</Filter>
    </ClCompile>
    <ClCompile Include="slang-string-slice-pool.cpp">
      <Filter>Source Files</Filter>
    </ClCompile>
    <ClCompile Include="slang-string-util.cpp">
      <Filter>Source Files</Filter>
    </ClCompile>
    <ClCompile Include="slang-string.cpp">
      <Filter>Source Files</Filter>
    </ClCompile>
    <ClCompile Include="slang-test-tool-util.cpp">
      <Filter>Source Files</Filter>
    </ClCompile>
    <ClCompile Include="slang-text-io.cpp">
      <Filter>Source Files</Filter>
    </ClCompile>
    <ClCompile Include="slang-token-reader.cpp">
      <Filter>Source Files</Filter>
    </ClCompile>
    <ClCompile Include="slang-uint-set.cpp">
      <Filter>Source Files</Filter>
    </ClCompile>
    <ClCompile Include="slang-visual-studio-compiler-util.cpp">
      <Filter>Source Files</Filter>
    </ClCompile>
    <ClCompile Include="slang-writer.cpp">
      <Filter>Source Files</Filter>
    </ClCompile>
    <ClCompile Include="windows\slang-win-process-util.cpp">
      <Filter>Source Files</Filter>
    </ClCompile>
    <ClCompile Include="windows\slang-win-visual-studio-util.cpp">
      <Filter>Source Files</Filter>
    </ClCompile>
  </ItemGroup>
  <ItemGroup>
    <None Include="core.natvis">
      <Filter>Source Files</Filter>
    </None>
  </ItemGroup>
</Project>