Microsoft Visual Studio Solution File, Format Version 12.00
# Visual Studio 14
VisualStudioVersion = 14.0.25420.1
MinimumVisualStudioVersion = 10.0.40219.1
Project("{2150E333-8FDC-42A3-9474-1A3956D46DE8}") = "examples", "examples", "{B625E3E2-3B0B-4A01-9D10-957F84092E10}"
EndProject
Project("{8BC9CEB8-8B4A-11D0-8D11-00A0C91BC942}") = "hello", "examples\hello\hello.vcxproj", "{E6385042-1649-4803-9EBD-168F8B7EF131}"
EndProject
Project("{8BC9CEB8-8B4A-11D0-8D11-00A0C91BC942}") = "core", "source\core\core.vcxproj", "{F9BE7957-8399-899E-0C49-E714FDDD4B65}"
EndProject
Project("{2150E333-8FDC-42A3-9474-1A3956D46DE8}") = "tools", "tools", "{74C5F0DC-93BB-4BF3-AC65-8C65491570F7}"
EndProject
Project("{8BC9CEB8-8B4A-11D0-8D11-00A0C91BC942}") = "slang", "source\slang\slang.vcxproj", "{DB00DA62-0533-4AFD-B59F-A67D5B3A0808}"
	ProjectSection(ProjectDependencies) = postProject
		{66174227-8541-41FC-A6DF-4764FC66F78E} = {66174227-8541-41FC-A6DF-4764FC66F78E}
	EndProjectSection
EndProject
Project("{8BC9CEB8-8B4A-11D0-8D11-00A0C91BC942}") = "slangc", "source\slangc\slangc.vcxproj", "{D56CBCEB-1EB5-4CA8-AEC4-48EA35ED61C7}"
	ProjectSection(ProjectDependencies) = postProject
		{C495878A-832C-485B-B347-0998A90CC936} = {C495878A-832C-485B-B347-0998A90CC936}
	EndProjectSection
EndProject
Project("{8BC9CEB8-8B4A-11D0-8D11-00A0C91BC942}") = "slang-test", "tools\slang-test\slang-test.vcxproj", "{0C768A18-1D25-4000-9F37-DA5FE99E3B64}"
EndProject
Project("{8BC9CEB8-8B4A-11D0-8D11-00A0C91BC942}") = "render-test", "tools\render-test\render-test.vcxproj", "{96610759-07B9-4EEB-A974-5C634A2E742B}"
EndProject
Project("{8BC9CEB8-8B4A-11D0-8D11-00A0C91BC942}") = "slang-glslang", "source\slang-glslang\slang-glslang.vcxproj", "{C495878A-832C-485B-B347-0998A90CC936}"
EndProject
Project("{8BC9CEB8-8B4A-11D0-8D11-00A0C91BC942}") = "slang-generate", "tools\slang-generate\slang-generate.vcxproj", "{66174227-8541-41FC-A6DF-4764FC66F78E}"
EndProject
Project("{8BC9CEB8-8B4A-11D0-8D11-00A0C91BC942}") = "slang-eval-test", "tools\eval-test\eval-test.vcxproj", "{205FCAB9-A13F-4980-86FA-F6221A7095EE}"
EndProject
Project("{8BC9CEB8-8B4A-11D0-8D11-00A0C91BC942}") = "slang-reflection-test", "tools\slang-reflection-test\slang-reflection-test.vcxproj", "{22C45F4F-FB6B-4535-BED1-D3F5D0C71047}"
EndProject
Global
	GlobalSection(SolutionConfigurationPlatforms) = preSolution
		Debug|Win32 = Debug|Win32
		Debug|x64 = Debug|x64
		Release|Win32 = Release|Win32
		Release|x64 = Release|x64
	EndGlobalSection
	GlobalSection(ProjectConfigurationPlatforms) = postSolution
		{E6385042-1649-4803-9EBD-168F8B7EF131}.Debug|Win32.ActiveCfg = Debug|Win32
		{E6385042-1649-4803-9EBD-168F8B7EF131}.Debug|Win32.Build.0 = Debug|Win32
		{E6385042-1649-4803-9EBD-168F8B7EF131}.Debug|x64.ActiveCfg = Debug|x64
		{E6385042-1649-4803-9EBD-168F8B7EF131}.Debug|x64.Build.0 = Debug|x64
		{E6385042-1649-4803-9EBD-168F8B7EF131}.Release|Win32.ActiveCfg = Release|Win32
		{E6385042-1649-4803-9EBD-168F8B7EF131}.Release|Win32.Build.0 = Release|Win32
		{E6385042-1649-4803-9EBD-168F8B7EF131}.Release|x64.ActiveCfg = Release|x64
		{E6385042-1649-4803-9EBD-168F8B7EF131}.Release|x64.Build.0 = Release|x64
		{F9BE7957-8399-899E-0C49-E714FDDD4B65}.Debug|Win32.ActiveCfg = Debug|Win32
		{F9BE7957-8399-899E-0C49-E714FDDD4B65}.Debug|Win32.Build.0 = Debug|Win32
		{F9BE7957-8399-899E-0C49-E714FDDD4B65}.Debug|x64.ActiveCfg = Debug|x64
		{F9BE7957-8399-899E-0C49-E714FDDD4B65}.Debug|x64.Build.0 = Debug|x64
		{F9BE7957-8399-899E-0C49-E714FDDD4B65}.Release|Win32.ActiveCfg = Release|Win32
		{F9BE7957-8399-899E-0C49-E714FDDD4B65}.Release|Win32.Build.0 = Release|Win32
		{F9BE7957-8399-899E-0C49-E714FDDD4B65}.Release|x64.ActiveCfg = Release|x64
		{F9BE7957-8399-899E-0C49-E714FDDD4B65}.Release|x64.Build.0 = Release|x64
		{DB00DA62-0533-4AFD-B59F-A67D5B3A0808}.Debug|Win32.ActiveCfg = Debug|Win32
		{DB00DA62-0533-4AFD-B59F-A67D5B3A0808}.Debug|Win32.Build.0 = Debug|Win32
		{DB00DA62-0533-4AFD-B59F-A67D5B3A0808}.Debug|x64.ActiveCfg = Debug|x64
		{DB00DA62-0533-4AFD-B59F-A67D5B3A0808}.Debug|x64.Build.0 = Debug|x64
		{DB00DA62-0533-4AFD-B59F-A67D5B3A0808}.Release|Win32.ActiveCfg = Release|Win32
		{DB00DA62-0533-4AFD-B59F-A67D5B3A0808}.Release|Win32.Build.0 = Release|Win32
		{DB00DA62-0533-4AFD-B59F-A67D5B3A0808}.Release|x64.ActiveCfg = Release|x64
		{DB00DA62-0533-4AFD-B59F-A67D5B3A0808}.Release|x64.Build.0 = Release|x64
		{D56CBCEB-1EB5-4CA8-AEC4-48EA35ED61C7}.Debug|Win32.ActiveCfg = Debug|Win32
		{D56CBCEB-1EB5-4CA8-AEC4-48EA35ED61C7}.Debug|Win32.Build.0 = Debug|Win32
		{D56CBCEB-1EB5-4CA8-AEC4-48EA35ED61C7}.Debug|x64.ActiveCfg = Debug|x64
		{D56CBCEB-1EB5-4CA8-AEC4-48EA35ED61C7}.Debug|x64.Build.0 = Debug|x64
		{D56CBCEB-1EB5-4CA8-AEC4-48EA35ED61C7}.Release|Win32.ActiveCfg = Release|Win32
		{D56CBCEB-1EB5-4CA8-AEC4-48EA35ED61C7}.Release|Win32.Build.0 = Release|Win32
		{D56CBCEB-1EB5-4CA8-AEC4-48EA35ED61C7}.Release|x64.ActiveCfg = Release|x64
		{D56CBCEB-1EB5-4CA8-AEC4-48EA35ED61C7}.Release|x64.Build.0 = Release|x64
		{0C768A18-1D25-4000-9F37-DA5FE99E3B64}.Debug|Win32.ActiveCfg = Debug|Win32
		{0C768A18-1D25-4000-9F37-DA5FE99E3B64}.Debug|Win32.Build.0 = Debug|Win32
		{0C768A18-1D25-4000-9F37-DA5FE99E3B64}.Debug|x64.ActiveCfg = Debug|x64
		{0C768A18-1D25-4000-9F37-DA5FE99E3B64}.Debug|x64.Build.0 = Debug|x64
		{0C768A18-1D25-4000-9F37-DA5FE99E3B64}.Release|Win32.ActiveCfg = Release|Win32
		{0C768A18-1D25-4000-9F37-DA5FE99E3B64}.Release|Win32.Build.0 = Release|Win32
		{0C768A18-1D25-4000-9F37-DA5FE99E3B64}.Release|x64.ActiveCfg = Release|x64
		{0C768A18-1D25-4000-9F37-DA5FE99E3B64}.Release|x64.Build.0 = Release|x64
		{96610759-07B9-4EEB-A974-5C634A2E742B}.Debug|Win32.ActiveCfg = Debug|Win32
		{96610759-07B9-4EEB-A974-5C634A2E742B}.Debug|Win32.Build.0 = Debug|Win32
		{96610759-07B9-4EEB-A974-5C634A2E742B}.Debug|x64.ActiveCfg = Debug|x64
		{96610759-07B9-4EEB-A974-5C634A2E742B}.Debug|x64.Build.0 = Debug|x64
		{96610759-07B9-4EEB-A974-5C634A2E742B}.Release|Win32.ActiveCfg = Release|Win32
		{96610759-07B9-4EEB-A974-5C634A2E742B}.Release|Win32.Build.0 = Release|Win32
		{96610759-07B9-4EEB-A974-5C634A2E742B}.Release|x64.ActiveCfg = Release|x64
		{96610759-07B9-4EEB-A974-5C634A2E742B}.Release|x64.Build.0 = Release|x64
		{C495878A-832C-485B-B347-0998A90CC936}.Debug|Win32.ActiveCfg = Debug|Win32
		{C495878A-832C-485B-B347-0998A90CC936}.Debug|Win32.Build.0 = Debug|Win32
		{C495878A-832C-485B-B347-0998A90CC936}.Debug|x64.ActiveCfg = Debug|x64
		{C495878A-832C-485B-B347-0998A90CC936}.Debug|x64.Build.0 = Debug|x64
		{C495878A-832C-485B-B347-0998A90CC936}.Release|Win32.ActiveCfg = Release|Win32
		{C495878A-832C-485B-B347-0998A90CC936}.Release|Win32.Build.0 = Release|Win32
		{C495878A-832C-485B-B347-0998A90CC936}.Release|x64.ActiveCfg = Release|x64
		{C495878A-832C-485B-B347-0998A90CC936}.Release|x64.Build.0 = Release|x64
		{66174227-8541-41FC-A6DF-4764FC66F78E}.Debug|Win32.ActiveCfg = Debug|Win32
		{66174227-8541-41FC-A6DF-4764FC66F78E}.Debug|Win32.Build.0 = Debug|Win32
		{66174227-8541-41FC-A6DF-4764FC66F78E}.Debug|x64.ActiveCfg = Debug|x64
		{66174227-8541-41FC-A6DF-4764FC66F78E}.Debug|x64.Build.0 = Debug|x64
		{66174227-8541-41FC-A6DF-4764FC66F78E}.Release|Win32.ActiveCfg = Release|Win32
		{66174227-8541-41FC-A6DF-4764FC66F78E}.Release|Win32.Build.0 = Release|Win32
		{66174227-8541-41FC-A6DF-4764FC66F78E}.Release|x64.ActiveCfg = Release|x64
		{66174227-8541-41FC-A6DF-4764FC66F78E}.Release|x64.Build.0 = Release|x64
		{205FCAB9-A13F-4980-86FA-F6221A7095EE}.Debug|Win32.ActiveCfg = Debug|Win32
		{205FCAB9-A13F-4980-86FA-F6221A7095EE}.Debug|Win32.Build.0 = Debug|Win32
		{205FCAB9-A13F-4980-86FA-F6221A7095EE}.Debug|x64.ActiveCfg = Debug|x64
		{205FCAB9-A13F-4980-86FA-F6221A7095EE}.Debug|x64.Build.0 = Debug|x64
		{205FCAB9-A13F-4980-86FA-F6221A7095EE}.Release|Win32.ActiveCfg = Release|Win32
		{205FCAB9-A13F-4980-86FA-F6221A7095EE}.Release|Win32.Build.0 = Release|Win32
		{205FCAB9-A13F-4980-86FA-F6221A7095EE}.Release|x64.ActiveCfg = Release|x64
		{205FCAB9-A13F-4980-86FA-F6221A7095EE}.Release|x64.Build.0 = Release|x64
		{22C45F4F-FB6B-4535-BED1-D3F5D0C71047}.Debug|Win32.ActiveCfg = Debug|Win32
		{22C45F4F-FB6B-4535-BED1-D3F5D0C71047}.Debug|Win32.Build.0 = Debug|Win32
		{22C45F4F-FB6B-4535-BED1-D3F5D0C71047}.Debug|x64.ActiveCfg = Debug|x64
		{22C45F4F-FB6B-4535-BED1-D3F5D0C71047}.Debug|x64.Build.0 = Debug|x64
		{22C45F4F-FB6B-4535-BED1-D3F5D0C71047}.Release|Win32.ActiveCfg = Release|Win32
		{22C45F4F-FB6B-4535-BED1-D3F5D0C71047}.Release|Win32.Build.0 = Release|Win32
		{22C45F4F-FB6B-4535-BED1-D3F5D0C71047}.Release|x64.ActiveCfg = Release|x64
		{22C45F4F-FB6B-4535-BED1-D3F5D0C71047}.Release|x64.Build.0 = Release|x64
	EndGlobalSection
	GlobalSection(SolutionProperties) = preSolution
		HideSolutionNode = FALSE
	EndGlobalSection
	GlobalSection(NestedProjects) = preSolution
		{E6385042-1649-4803-9EBD-168F8B7EF131} = {B625E3E2-3B0B-4A01-9D10-957F84092E10}
		{0C768A18-1D25-4000-9F37-DA5FE99E3B64} = {74C5F0DC-93BB-4BF3-AC65-8C65491570F7}
		{96610759-07B9-4EEB-A974-5C634A2E742B} = {74C5F0DC-93BB-4BF3-AC65-8C65491570F7}
		{66174227-8541-41FC-A6DF-4764FC66F78E} = {74C5F0DC-93BB-4BF3-AC65-8C65491570F7}
		{205FCAB9-A13F-4980-86FA-F6221A7095EE} = {74C5F0DC-93BB-4BF3-AC65-8C65491570F7}
		{22C45F4F-FB6B-4535-BED1-D3F5D0C71047} = {74C5F0DC-93BB-4BF3-AC65-8C65491570F7}
	EndGlobalSection
EndGlobal
