Microsoft Visual Studio Solution File, Format Version 12.00
# Visual Studio 14
VisualStudioVersion = 14.0.25420.1
MinimumVisualStudioVersion = 10.0.40219.1
Project("{2150E333-8FDC-42A3-9474-1A3956D46DE8}") = "slang", "slang", "{362538E0-CA8A-4F9A-AC99-15CC9A715A43}"
EndProject
Project("{2150E333-8FDC-42A3-9474-1A3956D46DE8}") = "examples", "examples", "{B625E3E2-3B0B-4A01-9D10-957F84092E10}"
EndProject
Project("{8BC9CEB8-8B4A-11D0-8D11-00A0C91BC942}") = "hello", "examples\hello\hello.vcxproj", "{E6385042-1649-4803-9EBD-168F8B7EF131}"
EndProject
Project("{8BC9CEB8-8B4A-11D0-8D11-00A0C91BC942}") = "core", "source\core\core.vcxproj", "{F9BE7957-8399-899E-0C49-E714FDDD4B65}"
EndProject
Project("{2150E333-8FDC-42A3-9474-1A3956D46DE8}") = "utils", "utils", "{37016FF6-E6AF-4316-BC2B-0152FC0C969E}"
EndProject
Project("{2150E333-8FDC-42A3-9474-1A3956D46DE8}") = "tools", "tools", "{74C5F0DC-93BB-4BF3-AC65-8C65491570F7}"
EndProject
Project("{8BC9CEB8-8B4A-11D0-8D11-00A0C91BC942}") = "slang", "source\slang\slang.vcxproj", "{DB00DA62-0533-4AFD-B59F-A67D5B3A0808}"
EndProject
Project("{8BC9CEB8-8B4A-11D0-8D11-00A0C91BC942}") = "slangc", "source\slangc\slangc.vcxproj", "{D56CBCEB-1EB5-4CA8-AEC4-48EA35ED61C7}"
EndProject
Project("{8BC9CEB8-8B4A-11D0-8D11-00A0C91BC942}") = "slang-test", "tools\slang-test\slang-test.vcxproj", "{0C768A18-1D25-4000-9F37-DA5FE99E3B64}"
EndProject
Project("{8BC9CEB8-8B4A-11D0-8D11-00A0C91BC942}") = "render-test", "tools\render-test\render-test.vcxproj", "{96610759-07B9-4EEB-A974-5C634A2E742B}"
EndProject
Project("{8BC9CEB8-8B4A-11D0-8D11-00A0C91BC942}") = "glslang", "tools\glslang\glslang.vcxproj", "{C495878A-832C-485B-B347-0998A90CC936}"
EndProject
Global
	GlobalSection(SolutionConfigurationPlatforms) = preSolution
		Debug_VS2013|Any CPU = Debug_VS2013|Any CPU
		Debug_VS2013|ARM = Debug_VS2013|ARM
		Debug_VS2013|Win32 = Debug_VS2013|Win32
		Debug_VS2013|x64 = Debug_VS2013|x64
		Debug|Any CPU = Debug|Any CPU
		Debug|ARM = Debug|ARM
		Debug|Win32 = Debug|Win32
		Debug|x64 = Debug|x64
		DebugClang|Any CPU = DebugClang|Any CPU
		DebugClang|ARM = DebugClang|ARM
		DebugClang|Win32 = DebugClang|Win32
		DebugClang|x64 = DebugClang|x64
		Release_VS2013|Any CPU = Release_VS2013|Any CPU
		Release_VS2013|ARM = Release_VS2013|ARM
		Release_VS2013|Win32 = Release_VS2013|Win32
		Release_VS2013|x64 = Release_VS2013|x64
		Release|Any CPU = Release|Any CPU
		Release|ARM = Release|ARM
		Release|Win32 = Release|Win32
		Release|x64 = Release|x64
		TracingDebug|Any CPU = TracingDebug|Any CPU
		TracingDebug|ARM = TracingDebug|ARM
		TracingDebug|Win32 = TracingDebug|Win32
		TracingDebug|x64 = TracingDebug|x64
		TracingRelease|Any CPU = TracingRelease|Any CPU
		TracingRelease|ARM = TracingRelease|ARM
		TracingRelease|Win32 = TracingRelease|Win32
		TracingRelease|x64 = TracingRelease|x64
	EndGlobalSection
	GlobalSection(ProjectConfigurationPlatforms) = postSolution
		{E6385042-1649-4803-9EBD-168F8B7EF131}.Debug_VS2013|Any CPU.ActiveCfg = Debug_VS2013|Win32
		{E6385042-1649-4803-9EBD-168F8B7EF131}.Debug_VS2013|ARM.ActiveCfg = Debug_VS2013|Win32
		{E6385042-1649-4803-9EBD-168F8B7EF131}.Debug_VS2013|Win32.ActiveCfg = Debug_VS2013|Win32
		{E6385042-1649-4803-9EBD-168F8B7EF131}.Debug_VS2013|Win32.Build.0 = Debug_VS2013|Win32
		{E6385042-1649-4803-9EBD-168F8B7EF131}.Debug_VS2013|x64.ActiveCfg = Debug_VS2013|x64
		{E6385042-1649-4803-9EBD-168F8B7EF131}.Debug_VS2013|x64.Build.0 = Debug_VS2013|x64
		{E6385042-1649-4803-9EBD-168F8B7EF131}.Debug|Any CPU.ActiveCfg = Debug|Win32
		{E6385042-1649-4803-9EBD-168F8B7EF131}.Debug|ARM.ActiveCfg = Debug|Win32
		{E6385042-1649-4803-9EBD-168F8B7EF131}.Debug|Win32.ActiveCfg = Debug|Win32
		{E6385042-1649-4803-9EBD-168F8B7EF131}.Debug|Win32.Build.0 = Debug|Win32
		{E6385042-1649-4803-9EBD-168F8B7EF131}.Debug|x64.ActiveCfg = Debug|x64
		{E6385042-1649-4803-9EBD-168F8B7EF131}.Debug|x64.Build.0 = Debug|x64
		{E6385042-1649-4803-9EBD-168F8B7EF131}.DebugClang|Any CPU.ActiveCfg = Release_VS2013|x64
		{E6385042-1649-4803-9EBD-168F8B7EF131}.DebugClang|Any CPU.Build.0 = Release_VS2013|x64
		{E6385042-1649-4803-9EBD-168F8B7EF131}.DebugClang|ARM.ActiveCfg = Release_VS2013|x64
		{E6385042-1649-4803-9EBD-168F8B7EF131}.DebugClang|ARM.Build.0 = Release_VS2013|x64
		{E6385042-1649-4803-9EBD-168F8B7EF131}.DebugClang|Win32.ActiveCfg = Debug|Win32
		{E6385042-1649-4803-9EBD-168F8B7EF131}.DebugClang|Win32.Build.0 = Debug|Win32
		{E6385042-1649-4803-9EBD-168F8B7EF131}.DebugClang|x64.ActiveCfg = Debug|x64
		{E6385042-1649-4803-9EBD-168F8B7EF131}.DebugClang|x64.Build.0 = Debug|x64
		{E6385042-1649-4803-9EBD-168F8B7EF131}.Release_VS2013|Any CPU.ActiveCfg = Release_VS2013|Win32
		{E6385042-1649-4803-9EBD-168F8B7EF131}.Release_VS2013|ARM.ActiveCfg = Release_VS2013|Win32
		{E6385042-1649-4803-9EBD-168F8B7EF131}.Release_VS2013|Win32.ActiveCfg = Release_VS2013|Win32
		{E6385042-1649-4803-9EBD-168F8B7EF131}.Release_VS2013|Win32.Build.0 = Release_VS2013|Win32
		{E6385042-1649-4803-9EBD-168F8B7EF131}.Release_VS2013|x64.ActiveCfg = Release_VS2013|x64
		{E6385042-1649-4803-9EBD-168F8B7EF131}.Release_VS2013|x64.Build.0 = Release_VS2013|x64
		{E6385042-1649-4803-9EBD-168F8B7EF131}.Release|Any CPU.ActiveCfg = Release|Win32
		{E6385042-1649-4803-9EBD-168F8B7EF131}.Release|ARM.ActiveCfg = Release|Win32
		{E6385042-1649-4803-9EBD-168F8B7EF131}.Release|Win32.ActiveCfg = Release|Win32
		{E6385042-1649-4803-9EBD-168F8B7EF131}.Release|Win32.Build.0 = Release|Win32
		{E6385042-1649-4803-9EBD-168F8B7EF131}.Release|x64.ActiveCfg = Release|x64
		{E6385042-1649-4803-9EBD-168F8B7EF131}.Release|x64.Build.0 = Release|x64
		{E6385042-1649-4803-9EBD-168F8B7EF131}.TracingDebug|Any CPU.ActiveCfg = Release_VS2013|x64
		{E6385042-1649-4803-9EBD-168F8B7EF131}.TracingDebug|Any CPU.Build.0 = Release_VS2013|x64
		{E6385042-1649-4803-9EBD-168F8B7EF131}.TracingDebug|ARM.ActiveCfg = Release_VS2013|x64
		{E6385042-1649-4803-9EBD-168F8B7EF131}.TracingDebug|ARM.Build.0 = Release_VS2013|x64
		{E6385042-1649-4803-9EBD-168F8B7EF131}.TracingDebug|Win32.ActiveCfg = Debug|Win32
		{E6385042-1649-4803-9EBD-168F8B7EF131}.TracingDebug|Win32.Build.0 = Debug|Win32
		{E6385042-1649-4803-9EBD-168F8B7EF131}.TracingDebug|x64.ActiveCfg = Debug|x64
		{E6385042-1649-4803-9EBD-168F8B7EF131}.TracingDebug|x64.Build.0 = Debug|x64
		{E6385042-1649-4803-9EBD-168F8B7EF131}.TracingRelease|Any CPU.ActiveCfg = Release_VS2013|x64
		{E6385042-1649-4803-9EBD-168F8B7EF131}.TracingRelease|Any CPU.Build.0 = Release_VS2013|x64
		{E6385042-1649-4803-9EBD-168F8B7EF131}.TracingRelease|ARM.ActiveCfg = Release_VS2013|x64
		{E6385042-1649-4803-9EBD-168F8B7EF131}.TracingRelease|ARM.Build.0 = Release_VS2013|x64
		{E6385042-1649-4803-9EBD-168F8B7EF131}.TracingRelease|Win32.ActiveCfg = Release|Win32
		{E6385042-1649-4803-9EBD-168F8B7EF131}.TracingRelease|Win32.Build.0 = Release|Win32
		{E6385042-1649-4803-9EBD-168F8B7EF131}.TracingRelease|x64.ActiveCfg = Release|x64
		{E6385042-1649-4803-9EBD-168F8B7EF131}.TracingRelease|x64.Build.0 = Release|x64
		{F9BE7957-8399-899E-0C49-E714FDDD4B65}.Debug_VS2013|Any CPU.ActiveCfg = Debug_VS2013|Win32
		{F9BE7957-8399-899E-0C49-E714FDDD4B65}.Debug_VS2013|ARM.ActiveCfg = Debug_VS2013|ARM
		{F9BE7957-8399-899E-0C49-E714FDDD4B65}.Debug_VS2013|ARM.Build.0 = Debug_VS2013|ARM
		{F9BE7957-8399-899E-0C49-E714FDDD4B65}.Debug_VS2013|Win32.ActiveCfg = Debug_VS2013|Win32
		{F9BE7957-8399-899E-0C49-E714FDDD4B65}.Debug_VS2013|Win32.Build.0 = Debug_VS2013|Win32
		{F9BE7957-8399-899E-0C49-E714FDDD4B65}.Debug_VS2013|x64.ActiveCfg = Debug_VS2013|x64
		{F9BE7957-8399-899E-0C49-E714FDDD4B65}.Debug_VS2013|x64.Build.0 = Debug_VS2013|x64
		{F9BE7957-8399-899E-0C49-E714FDDD4B65}.Debug|Any CPU.ActiveCfg = Debug|Win32
		{F9BE7957-8399-899E-0C49-E714FDDD4B65}.Debug|ARM.ActiveCfg = Debug|ARM
		{F9BE7957-8399-899E-0C49-E714FDDD4B65}.Debug|ARM.Build.0 = Debug|ARM
		{F9BE7957-8399-899E-0C49-E714FDDD4B65}.Debug|Win32.ActiveCfg = Debug|Win32
		{F9BE7957-8399-899E-0C49-E714FDDD4B65}.Debug|Win32.Build.0 = Debug|Win32
		{F9BE7957-8399-899E-0C49-E714FDDD4B65}.Debug|x64.ActiveCfg = Debug|x64
		{F9BE7957-8399-899E-0C49-E714FDDD4B65}.Debug|x64.Build.0 = Debug|x64
		{F9BE7957-8399-899E-0C49-E714FDDD4B65}.DebugClang|Any CPU.ActiveCfg = DebugClang|Win32
		{F9BE7957-8399-899E-0C49-E714FDDD4B65}.DebugClang|ARM.ActiveCfg = DebugClang|ARM
		{F9BE7957-8399-899E-0C49-E714FDDD4B65}.DebugClang|ARM.Build.0 = DebugClang|ARM
		{F9BE7957-8399-899E-0C49-E714FDDD4B65}.DebugClang|Win32.ActiveCfg = DebugClang|Win32
		{F9BE7957-8399-899E-0C49-E714FDDD4B65}.DebugClang|Win32.Build.0 = DebugClang|Win32
		{F9BE7957-8399-899E-0C49-E714FDDD4B65}.DebugClang|x64.ActiveCfg = DebugClang|x64
		{F9BE7957-8399-899E-0C49-E714FDDD4B65}.DebugClang|x64.Build.0 = DebugClang|x64
		{F9BE7957-8399-899E-0C49-E714FDDD4B65}.Release_VS2013|Any CPU.ActiveCfg = Release_VS2013|Win32
		{F9BE7957-8399-899E-0C49-E714FDDD4B65}.Release_VS2013|ARM.ActiveCfg = Release_VS2013|ARM
		{F9BE7957-8399-899E-0C49-E714FDDD4B65}.Release_VS2013|ARM.Build.0 = Release_VS2013|ARM
		{F9BE7957-8399-899E-0C49-E714FDDD4B65}.Release_VS2013|Win32.ActiveCfg = Release_VS2013|Win32
		{F9BE7957-8399-899E-0C49-E714FDDD4B65}.Release_VS2013|Win32.Build.0 = Release_VS2013|Win32
		{F9BE7957-8399-899E-0C49-E714FDDD4B65}.Release_VS2013|x64.ActiveCfg = Release_VS2013|x64
		{F9BE7957-8399-899E-0C49-E714FDDD4B65}.Release_VS2013|x64.Build.0 = Release_VS2013|x64
		{F9BE7957-8399-899E-0C49-E714FDDD4B65}.Release|Any CPU.ActiveCfg = Release|Win32
		{F9BE7957-8399-899E-0C49-E714FDDD4B65}.Release|ARM.ActiveCfg = Release|ARM
		{F9BE7957-8399-899E-0C49-E714FDDD4B65}.Release|ARM.Build.0 = Release|ARM
		{F9BE7957-8399-899E-0C49-E714FDDD4B65}.Release|Win32.ActiveCfg = Release|Win32
		{F9BE7957-8399-899E-0C49-E714FDDD4B65}.Release|Win32.Build.0 = Release|Win32
		{F9BE7957-8399-899E-0C49-E714FDDD4B65}.Release|x64.ActiveCfg = Release|x64
		{F9BE7957-8399-899E-0C49-E714FDDD4B65}.Release|x64.Build.0 = Release|x64
		{F9BE7957-8399-899E-0C49-E714FDDD4B65}.TracingDebug|Any CPU.ActiveCfg = TracingDebug|Win32
		{F9BE7957-8399-899E-0C49-E714FDDD4B65}.TracingDebug|ARM.ActiveCfg = TracingDebug|ARM
		{F9BE7957-8399-899E-0C49-E714FDDD4B65}.TracingDebug|ARM.Build.0 = TracingDebug|ARM
		{F9BE7957-8399-899E-0C49-E714FDDD4B65}.TracingDebug|Win32.ActiveCfg = TracingDebug|Win32
		{F9BE7957-8399-899E-0C49-E714FDDD4B65}.TracingDebug|Win32.Build.0 = TracingDebug|Win32
		{F9BE7957-8399-899E-0C49-E714FDDD4B65}.TracingDebug|x64.ActiveCfg = TracingDebug|x64
		{F9BE7957-8399-899E-0C49-E714FDDD4B65}.TracingDebug|x64.Build.0 = TracingDebug|x64
		{F9BE7957-8399-899E-0C49-E714FDDD4B65}.TracingRelease|Any CPU.ActiveCfg = TracingRelease|Win32
		{F9BE7957-8399-899E-0C49-E714FDDD4B65}.TracingRelease|ARM.ActiveCfg = TracingRelease|ARM
		{F9BE7957-8399-899E-0C49-E714FDDD4B65}.TracingRelease|ARM.Build.0 = TracingRelease|ARM
		{F9BE7957-8399-899E-0C49-E714FDDD4B65}.TracingRelease|Win32.ActiveCfg = TracingRelease|Win32
		{F9BE7957-8399-899E-0C49-E714FDDD4B65}.TracingRelease|Win32.Build.0 = TracingRelease|Win32
		{F9BE7957-8399-899E-0C49-E714FDDD4B65}.TracingRelease|x64.ActiveCfg = TracingRelease|x64
		{F9BE7957-8399-899E-0C49-E714FDDD4B65}.TracingRelease|x64.Build.0 = TracingRelease|x64
		{DB00DA62-0533-4AFD-B59F-A67D5B3A0808}.Debug_VS2013|Any CPU.ActiveCfg = Debug_VS2013|Win32
		{DB00DA62-0533-4AFD-B59F-A67D5B3A0808}.Debug_VS2013|ARM.ActiveCfg = Debug_VS2013|Win32
		{DB00DA62-0533-4AFD-B59F-A67D5B3A0808}.Debug_VS2013|Win32.ActiveCfg = Debug_VS2013|Win32
		{DB00DA62-0533-4AFD-B59F-A67D5B3A0808}.Debug_VS2013|Win32.Build.0 = Debug_VS2013|Win32
		{DB00DA62-0533-4AFD-B59F-A67D5B3A0808}.Debug_VS2013|x64.ActiveCfg = Debug_VS2013|x64
		{DB00DA62-0533-4AFD-B59F-A67D5B3A0808}.Debug_VS2013|x64.Build.0 = Debug_VS2013|x64
		{DB00DA62-0533-4AFD-B59F-A67D5B3A0808}.Debug|Any CPU.ActiveCfg = Debug|Win32
		{DB00DA62-0533-4AFD-B59F-A67D5B3A0808}.Debug|ARM.ActiveCfg = Debug|Win32
		{DB00DA62-0533-4AFD-B59F-A67D5B3A0808}.Debug|Win32.ActiveCfg = Debug|Win32
		{DB00DA62-0533-4AFD-B59F-A67D5B3A0808}.Debug|Win32.Build.0 = Debug|Win32
		{DB00DA62-0533-4AFD-B59F-A67D5B3A0808}.Debug|x64.ActiveCfg = Debug|x64
		{DB00DA62-0533-4AFD-B59F-A67D5B3A0808}.Debug|x64.Build.0 = Debug|x64
		{DB00DA62-0533-4AFD-B59F-A67D5B3A0808}.DebugClang|Any CPU.ActiveCfg = DebugClang|Win32
		{DB00DA62-0533-4AFD-B59F-A67D5B3A0808}.DebugClang|ARM.ActiveCfg = DebugClang|Win32
		{DB00DA62-0533-4AFD-B59F-A67D5B3A0808}.DebugClang|Win32.ActiveCfg = DebugClang|Win32
		{DB00DA62-0533-4AFD-B59F-A67D5B3A0808}.DebugClang|Win32.Build.0 = DebugClang|Win32
		{DB00DA62-0533-4AFD-B59F-A67D5B3A0808}.DebugClang|x64.ActiveCfg = DebugClang|x64
		{DB00DA62-0533-4AFD-B59F-A67D5B3A0808}.DebugClang|x64.Build.0 = DebugClang|x64
		{DB00DA62-0533-4AFD-B59F-A67D5B3A0808}.Release_VS2013|Any CPU.ActiveCfg = Release_VS2013|Win32
		{DB00DA62-0533-4AFD-B59F-A67D5B3A0808}.Release_VS2013|ARM.ActiveCfg = Release_VS2013|Win32
		{DB00DA62-0533-4AFD-B59F-A67D5B3A0808}.Release_VS2013|Win32.ActiveCfg = Release_VS2013|Win32
		{DB00DA62-0533-4AFD-B59F-A67D5B3A0808}.Release_VS2013|Win32.Build.0 = Release_VS2013|Win32
		{DB00DA62-0533-4AFD-B59F-A67D5B3A0808}.Release_VS2013|x64.ActiveCfg = Release_VS2013|x64
		{DB00DA62-0533-4AFD-B59F-A67D5B3A0808}.Release_VS2013|x64.Build.0 = Release_VS2013|x64
		{DB00DA62-0533-4AFD-B59F-A67D5B3A0808}.Release|Any CPU.ActiveCfg = Release|Win32
		{DB00DA62-0533-4AFD-B59F-A67D5B3A0808}.Release|ARM.ActiveCfg = Release|Win32
		{DB00DA62-0533-4AFD-B59F-A67D5B3A0808}.Release|Win32.ActiveCfg = Release|Win32
		{DB00DA62-0533-4AFD-B59F-A67D5B3A0808}.Release|Win32.Build.0 = Release|Win32
		{DB00DA62-0533-4AFD-B59F-A67D5B3A0808}.Release|x64.ActiveCfg = Release|x64
		{DB00DA62-0533-4AFD-B59F-A67D5B3A0808}.Release|x64.Build.0 = Release|x64
		{DB00DA62-0533-4AFD-B59F-A67D5B3A0808}.TracingDebug|Any CPU.ActiveCfg = Release_VS2013|x64
		{DB00DA62-0533-4AFD-B59F-A67D5B3A0808}.TracingDebug|Any CPU.Build.0 = Release_VS2013|x64
		{DB00DA62-0533-4AFD-B59F-A67D5B3A0808}.TracingDebug|ARM.ActiveCfg = Release_VS2013|x64
		{DB00DA62-0533-4AFD-B59F-A67D5B3A0808}.TracingDebug|ARM.Build.0 = Release_VS2013|x64
		{DB00DA62-0533-4AFD-B59F-A67D5B3A0808}.TracingDebug|Win32.ActiveCfg = Debug|Win32
		{DB00DA62-0533-4AFD-B59F-A67D5B3A0808}.TracingDebug|Win32.Build.0 = Debug|Win32
		{DB00DA62-0533-4AFD-B59F-A67D5B3A0808}.TracingDebug|x64.ActiveCfg = Debug|x64
		{DB00DA62-0533-4AFD-B59F-A67D5B3A0808}.TracingDebug|x64.Build.0 = Debug|x64
		{DB00DA62-0533-4AFD-B59F-A67D5B3A0808}.TracingRelease|Any CPU.ActiveCfg = Release_VS2013|x64
		{DB00DA62-0533-4AFD-B59F-A67D5B3A0808}.TracingRelease|Any CPU.Build.0 = Release_VS2013|x64
		{DB00DA62-0533-4AFD-B59F-A67D5B3A0808}.TracingRelease|ARM.ActiveCfg = Release_VS2013|x64
		{DB00DA62-0533-4AFD-B59F-A67D5B3A0808}.TracingRelease|ARM.Build.0 = Release_VS2013|x64
		{DB00DA62-0533-4AFD-B59F-A67D5B3A0808}.TracingRelease|Win32.ActiveCfg = Release|Win32
		{DB00DA62-0533-4AFD-B59F-A67D5B3A0808}.TracingRelease|Win32.Build.0 = Release|Win32
		{DB00DA62-0533-4AFD-B59F-A67D5B3A0808}.TracingRelease|x64.ActiveCfg = Release|x64
		{DB00DA62-0533-4AFD-B59F-A67D5B3A0808}.TracingRelease|x64.Build.0 = Release|x64
		{1168C449-66A5-4D23-80E2-2C1A07E58F83}.Debug_VS2013|Any CPU.ActiveCfg = Debug_VS2013|Win32
		{1168C449-66A5-4D23-80E2-2C1A07E58F83}.Debug_VS2013|ARM.ActiveCfg = Debug_VS2013|Win32
		{1168C449-66A5-4D23-80E2-2C1A07E58F83}.Debug_VS2013|Win32.ActiveCfg = Debug_VS2013|Win32
		{1168C449-66A5-4D23-80E2-2C1A07E58F83}.Debug_VS2013|Win32.Build.0 = Debug_VS2013|Win32
		{1168C449-66A5-4D23-80E2-2C1A07E58F83}.Debug_VS2013|x64.ActiveCfg = Debug_VS2013|x64
		{1168C449-66A5-4D23-80E2-2C1A07E58F83}.Debug_VS2013|x64.Build.0 = Debug_VS2013|x64
		{1168C449-66A5-4D23-80E2-2C1A07E58F83}.Debug|Any CPU.ActiveCfg = Debug|Win32
		{1168C449-66A5-4D23-80E2-2C1A07E58F83}.Debug|ARM.ActiveCfg = Debug|Win32
		{1168C449-66A5-4D23-80E2-2C1A07E58F83}.Debug|Win32.ActiveCfg = Debug|Win32
		{1168C449-66A5-4D23-80E2-2C1A07E58F83}.Debug|Win32.Build.0 = Debug|Win32
		{1168C449-66A5-4D23-80E2-2C1A07E58F83}.Debug|x64.ActiveCfg = Debug|x64
		{1168C449-66A5-4D23-80E2-2C1A07E58F83}.Debug|x64.Build.0 = Debug|x64
		{1168C449-66A5-4D23-80E2-2C1A07E58F83}.DebugClang|Any CPU.ActiveCfg = DebugClang|Win32
		{1168C449-66A5-4D23-80E2-2C1A07E58F83}.DebugClang|ARM.ActiveCfg = DebugClang|Win32
		{1168C449-66A5-4D23-80E2-2C1A07E58F83}.DebugClang|Win32.ActiveCfg = DebugClang|Win32
		{1168C449-66A5-4D23-80E2-2C1A07E58F83}.DebugClang|Win32.Build.0 = DebugClang|Win32
		{1168C449-66A5-4D23-80E2-2C1A07E58F83}.DebugClang|x64.ActiveCfg = DebugClang|x64
		{1168C449-66A5-4D23-80E2-2C1A07E58F83}.DebugClang|x64.Build.0 = DebugClang|x64
		{1168C449-66A5-4D23-80E2-2C1A07E58F83}.Release_VS2013|Any CPU.ActiveCfg = Release_VS2013|Win32
		{1168C449-66A5-4D23-80E2-2C1A07E58F83}.Release_VS2013|ARM.ActiveCfg = Release_VS2013|Win32
		{1168C449-66A5-4D23-80E2-2C1A07E58F83}.Release_VS2013|Win32.ActiveCfg = Release_VS2013|Win32
		{1168C449-66A5-4D23-80E2-2C1A07E58F83}.Release_VS2013|Win32.Build.0 = Release_VS2013|Win32
		{1168C449-66A5-4D23-80E2-2C1A07E58F83}.Release_VS2013|x64.ActiveCfg = Release_VS2013|x64
		{1168C449-66A5-4D23-80E2-2C1A07E58F83}.Release_VS2013|x64.Build.0 = Release_VS2013|x64
		{1168C449-66A5-4D23-80E2-2C1A07E58F83}.Release|Any CPU.ActiveCfg = Release|Win32
		{1168C449-66A5-4D23-80E2-2C1A07E58F83}.Release|ARM.ActiveCfg = Release|Win32
		{1168C449-66A5-4D23-80E2-2C1A07E58F83}.Release|Win32.ActiveCfg = Release|Win32
		{1168C449-66A5-4D23-80E2-2C1A07E58F83}.Release|Win32.Build.0 = Release|Win32
		{1168C449-66A5-4D23-80E2-2C1A07E58F83}.Release|x64.ActiveCfg = Release|x64
		{1168C449-66A5-4D23-80E2-2C1A07E58F83}.Release|x64.Build.0 = Release|x64
		{1168C449-66A5-4D23-80E2-2C1A07E58F83}.TracingDebug|Any CPU.ActiveCfg = Release_VS2013|x64
		{1168C449-66A5-4D23-80E2-2C1A07E58F83}.TracingDebug|Any CPU.Build.0 = Release_VS2013|x64
		{1168C449-66A5-4D23-80E2-2C1A07E58F83}.TracingDebug|ARM.ActiveCfg = Release_VS2013|x64
		{1168C449-66A5-4D23-80E2-2C1A07E58F83}.TracingDebug|ARM.Build.0 = Release_VS2013|x64
		{1168C449-66A5-4D23-80E2-2C1A07E58F83}.TracingDebug|Win32.ActiveCfg = Debug|Win32
		{1168C449-66A5-4D23-80E2-2C1A07E58F83}.TracingDebug|Win32.Build.0 = Debug|Win32
		{1168C449-66A5-4D23-80E2-2C1A07E58F83}.TracingDebug|x64.ActiveCfg = Debug|x64
		{1168C449-66A5-4D23-80E2-2C1A07E58F83}.TracingDebug|x64.Build.0 = Debug|x64
		{1168C449-66A5-4D23-80E2-2C1A07E58F83}.TracingRelease|Any CPU.ActiveCfg = Release_VS2013|x64
		{1168C449-66A5-4D23-80E2-2C1A07E58F83}.TracingRelease|Any CPU.Build.0 = Release_VS2013|x64
		{1168C449-66A5-4D23-80E2-2C1A07E58F83}.TracingRelease|ARM.ActiveCfg = Release_VS2013|x64
		{1168C449-66A5-4D23-80E2-2C1A07E58F83}.TracingRelease|ARM.Build.0 = Release_VS2013|x64
		{1168C449-66A5-4D23-80E2-2C1A07E58F83}.TracingRelease|Win32.ActiveCfg = Release|Win32
		{1168C449-66A5-4D23-80E2-2C1A07E58F83}.TracingRelease|Win32.Build.0 = Release|Win32
		{1168C449-66A5-4D23-80E2-2C1A07E58F83}.TracingRelease|x64.ActiveCfg = Release|x64
		{1168C449-66A5-4D23-80E2-2C1A07E58F83}.TracingRelease|x64.Build.0 = Release|x64
		{D56CBCEB-1EB5-4CA8-AEC4-48EA35ED61C7}.Debug_VS2013|Any CPU.ActiveCfg = Debug_VS2013|Win32
		{D56CBCEB-1EB5-4CA8-AEC4-48EA35ED61C7}.Debug_VS2013|ARM.ActiveCfg = Debug_VS2013|Win32
		{D56CBCEB-1EB5-4CA8-AEC4-48EA35ED61C7}.Debug_VS2013|Win32.ActiveCfg = Debug_VS2013|Win32
		{D56CBCEB-1EB5-4CA8-AEC4-48EA35ED61C7}.Debug_VS2013|Win32.Build.0 = Debug_VS2013|Win32
		{D56CBCEB-1EB5-4CA8-AEC4-48EA35ED61C7}.Debug_VS2013|x64.ActiveCfg = Debug_VS2013|x64
		{D56CBCEB-1EB5-4CA8-AEC4-48EA35ED61C7}.Debug_VS2013|x64.Build.0 = Debug_VS2013|x64
		{D56CBCEB-1EB5-4CA8-AEC4-48EA35ED61C7}.Debug|Any CPU.ActiveCfg = Debug|Win32
		{D56CBCEB-1EB5-4CA8-AEC4-48EA35ED61C7}.Debug|ARM.ActiveCfg = Debug|Win32
		{D56CBCEB-1EB5-4CA8-AEC4-48EA35ED61C7}.Debug|Win32.ActiveCfg = Debug|Win32
		{D56CBCEB-1EB5-4CA8-AEC4-48EA35ED61C7}.Debug|Win32.Build.0 = Debug|Win32
		{D56CBCEB-1EB5-4CA8-AEC4-48EA35ED61C7}.Debug|x64.ActiveCfg = Debug|x64
		{D56CBCEB-1EB5-4CA8-AEC4-48EA35ED61C7}.Debug|x64.Build.0 = Debug|x64
		{D56CBCEB-1EB5-4CA8-AEC4-48EA35ED61C7}.DebugClang|Any CPU.ActiveCfg = DebugClang|Win32
		{D56CBCEB-1EB5-4CA8-AEC4-48EA35ED61C7}.DebugClang|ARM.ActiveCfg = DebugClang|Win32
		{D56CBCEB-1EB5-4CA8-AEC4-48EA35ED61C7}.DebugClang|Win32.ActiveCfg = DebugClang|Win32
		{D56CBCEB-1EB5-4CA8-AEC4-48EA35ED61C7}.DebugClang|Win32.Build.0 = DebugClang|Win32
		{D56CBCEB-1EB5-4CA8-AEC4-48EA35ED61C7}.DebugClang|x64.ActiveCfg = DebugClang|x64
		{D56CBCEB-1EB5-4CA8-AEC4-48EA35ED61C7}.DebugClang|x64.Build.0 = DebugClang|x64
		{D56CBCEB-1EB5-4CA8-AEC4-48EA35ED61C7}.Release_VS2013|Any CPU.ActiveCfg = Release_VS2013|Win32
		{D56CBCEB-1EB5-4CA8-AEC4-48EA35ED61C7}.Release_VS2013|ARM.ActiveCfg = Release_VS2013|Win32
		{D56CBCEB-1EB5-4CA8-AEC4-48EA35ED61C7}.Release_VS2013|Win32.ActiveCfg = Release_VS2013|Win32
		{D56CBCEB-1EB5-4CA8-AEC4-48EA35ED61C7}.Release_VS2013|Win32.Build.0 = Release_VS2013|Win32
		{D56CBCEB-1EB5-4CA8-AEC4-48EA35ED61C7}.Release_VS2013|x64.ActiveCfg = Release_VS2013|x64
		{D56CBCEB-1EB5-4CA8-AEC4-48EA35ED61C7}.Release_VS2013|x64.Build.0 = Release_VS2013|x64
		{D56CBCEB-1EB5-4CA8-AEC4-48EA35ED61C7}.Release|Any CPU.ActiveCfg = Release|Win32
		{D56CBCEB-1EB5-4CA8-AEC4-48EA35ED61C7}.Release|ARM.ActiveCfg = Release|Win32
		{D56CBCEB-1EB5-4CA8-AEC4-48EA35ED61C7}.Release|Win32.ActiveCfg = Release|Win32
		{D56CBCEB-1EB5-4CA8-AEC4-48EA35ED61C7}.Release|Win32.Build.0 = Release|Win32
		{D56CBCEB-1EB5-4CA8-AEC4-48EA35ED61C7}.Release|x64.ActiveCfg = Release|x64
		{D56CBCEB-1EB5-4CA8-AEC4-48EA35ED61C7}.Release|x64.Build.0 = Release|x64
		{D56CBCEB-1EB5-4CA8-AEC4-48EA35ED61C7}.TracingDebug|Any CPU.ActiveCfg = Release_VS2013|x64
		{D56CBCEB-1EB5-4CA8-AEC4-48EA35ED61C7}.TracingDebug|Any CPU.Build.0 = Release_VS2013|x64
		{D56CBCEB-1EB5-4CA8-AEC4-48EA35ED61C7}.TracingDebug|ARM.ActiveCfg = Release_VS2013|x64
		{D56CBCEB-1EB5-4CA8-AEC4-48EA35ED61C7}.TracingDebug|ARM.Build.0 = Release_VS2013|x64
		{D56CBCEB-1EB5-4CA8-AEC4-48EA35ED61C7}.TracingDebug|Win32.ActiveCfg = Debug|Win32
		{D56CBCEB-1EB5-4CA8-AEC4-48EA35ED61C7}.TracingDebug|Win32.Build.0 = Debug|Win32
		{D56CBCEB-1EB5-4CA8-AEC4-48EA35ED61C7}.TracingDebug|x64.ActiveCfg = Debug|x64
		{D56CBCEB-1EB5-4CA8-AEC4-48EA35ED61C7}.TracingDebug|x64.Build.0 = Debug|x64
		{D56CBCEB-1EB5-4CA8-AEC4-48EA35ED61C7}.TracingRelease|Any CPU.ActiveCfg = Release_VS2013|x64
		{D56CBCEB-1EB5-4CA8-AEC4-48EA35ED61C7}.TracingRelease|Any CPU.Build.0 = Release_VS2013|x64
		{D56CBCEB-1EB5-4CA8-AEC4-48EA35ED61C7}.TracingRelease|ARM.ActiveCfg = Release_VS2013|x64
		{D56CBCEB-1EB5-4CA8-AEC4-48EA35ED61C7}.TracingRelease|ARM.Build.0 = Release_VS2013|x64
		{D56CBCEB-1EB5-4CA8-AEC4-48EA35ED61C7}.TracingRelease|Win32.ActiveCfg = Release|Win32
		{D56CBCEB-1EB5-4CA8-AEC4-48EA35ED61C7}.TracingRelease|Win32.Build.0 = Release|Win32
		{D56CBCEB-1EB5-4CA8-AEC4-48EA35ED61C7}.TracingRelease|x64.ActiveCfg = Release|x64
		{D56CBCEB-1EB5-4CA8-AEC4-48EA35ED61C7}.TracingRelease|x64.Build.0 = Release|x64
		{0C768A18-1D25-4000-9F37-DA5FE99E3B64}.Debug_VS2013|Any CPU.ActiveCfg = Debug_VS2013|Win32
		{0C768A18-1D25-4000-9F37-DA5FE99E3B64}.Debug_VS2013|ARM.ActiveCfg = Debug_VS2013|Win32
		{0C768A18-1D25-4000-9F37-DA5FE99E3B64}.Debug_VS2013|Win32.ActiveCfg = Debug_VS2013|Win32
		{0C768A18-1D25-4000-9F37-DA5FE99E3B64}.Debug_VS2013|Win32.Build.0 = Debug_VS2013|Win32
		{0C768A18-1D25-4000-9F37-DA5FE99E3B64}.Debug_VS2013|x64.ActiveCfg = Debug_VS2013|x64
		{0C768A18-1D25-4000-9F37-DA5FE99E3B64}.Debug_VS2013|x64.Build.0 = Debug_VS2013|x64
		{0C768A18-1D25-4000-9F37-DA5FE99E3B64}.Debug|Any CPU.ActiveCfg = Debug|Win32
		{0C768A18-1D25-4000-9F37-DA5FE99E3B64}.Debug|ARM.ActiveCfg = Debug|Win32
		{0C768A18-1D25-4000-9F37-DA5FE99E3B64}.Debug|Win32.ActiveCfg = Debug|Win32
		{0C768A18-1D25-4000-9F37-DA5FE99E3B64}.Debug|Win32.Build.0 = Debug|Win32
		{0C768A18-1D25-4000-9F37-DA5FE99E3B64}.Debug|x64.ActiveCfg = Debug|x64
		{0C768A18-1D25-4000-9F37-DA5FE99E3B64}.Debug|x64.Build.0 = Debug|x64
		{0C768A18-1D25-4000-9F37-DA5FE99E3B64}.DebugClang|Any CPU.ActiveCfg = Release_VS2013|x64
		{0C768A18-1D25-4000-9F37-DA5FE99E3B64}.DebugClang|Any CPU.Build.0 = Release_VS2013|x64
		{0C768A18-1D25-4000-9F37-DA5FE99E3B64}.DebugClang|ARM.ActiveCfg = Release_VS2013|x64
		{0C768A18-1D25-4000-9F37-DA5FE99E3B64}.DebugClang|ARM.Build.0 = Release_VS2013|x64
		{0C768A18-1D25-4000-9F37-DA5FE99E3B64}.DebugClang|Win32.ActiveCfg = Debug|Win32
		{0C768A18-1D25-4000-9F37-DA5FE99E3B64}.DebugClang|Win32.Build.0 = Debug|Win32
		{0C768A18-1D25-4000-9F37-DA5FE99E3B64}.DebugClang|x64.ActiveCfg = Debug|x64
		{0C768A18-1D25-4000-9F37-DA5FE99E3B64}.DebugClang|x64.Build.0 = Debug|x64
		{0C768A18-1D25-4000-9F37-DA5FE99E3B64}.Release_VS2013|Any CPU.ActiveCfg = Release_VS2013|Win32
		{0C768A18-1D25-4000-9F37-DA5FE99E3B64}.Release_VS2013|ARM.ActiveCfg = Release_VS2013|Win32
		{0C768A18-1D25-4000-9F37-DA5FE99E3B64}.Release_VS2013|Win32.ActiveCfg = Release_VS2013|Win32
		{0C768A18-1D25-4000-9F37-DA5FE99E3B64}.Release_VS2013|Win32.Build.0 = Release_VS2013|Win32
		{0C768A18-1D25-4000-9F37-DA5FE99E3B64}.Release_VS2013|x64.ActiveCfg = Release_VS2013|x64
		{0C768A18-1D25-4000-9F37-DA5FE99E3B64}.Release_VS2013|x64.Build.0 = Release_VS2013|x64
		{0C768A18-1D25-4000-9F37-DA5FE99E3B64}.Release|Any CPU.ActiveCfg = Release|Win32
		{0C768A18-1D25-4000-9F37-DA5FE99E3B64}.Release|ARM.ActiveCfg = Release|Win32
		{0C768A18-1D25-4000-9F37-DA5FE99E3B64}.Release|Win32.ActiveCfg = Release|Win32
		{0C768A18-1D25-4000-9F37-DA5FE99E3B64}.Release|Win32.Build.0 = Release|Win32
		{0C768A18-1D25-4000-9F37-DA5FE99E3B64}.Release|x64.ActiveCfg = Release|x64
		{0C768A18-1D25-4000-9F37-DA5FE99E3B64}.Release|x64.Build.0 = Release|x64
		{0C768A18-1D25-4000-9F37-DA5FE99E3B64}.TracingDebug|Any CPU.ActiveCfg = Release_VS2013|x64
		{0C768A18-1D25-4000-9F37-DA5FE99E3B64}.TracingDebug|Any CPU.Build.0 = Release_VS2013|x64
		{0C768A18-1D25-4000-9F37-DA5FE99E3B64}.TracingDebug|ARM.ActiveCfg = Release_VS2013|x64
		{0C768A18-1D25-4000-9F37-DA5FE99E3B64}.TracingDebug|ARM.Build.0 = Release_VS2013|x64
		{0C768A18-1D25-4000-9F37-DA5FE99E3B64}.TracingDebug|Win32.ActiveCfg = Debug|Win32
		{0C768A18-1D25-4000-9F37-DA5FE99E3B64}.TracingDebug|Win32.Build.0 = Debug|Win32
		{0C768A18-1D25-4000-9F37-DA5FE99E3B64}.TracingDebug|x64.ActiveCfg = Debug|x64
		{0C768A18-1D25-4000-9F37-DA5FE99E3B64}.TracingDebug|x64.Build.0 = Debug|x64
		{0C768A18-1D25-4000-9F37-DA5FE99E3B64}.TracingRelease|Any CPU.ActiveCfg = Release_VS2013|x64
		{0C768A18-1D25-4000-9F37-DA5FE99E3B64}.TracingRelease|Any CPU.Build.0 = Release_VS2013|x64
		{0C768A18-1D25-4000-9F37-DA5FE99E3B64}.TracingRelease|ARM.ActiveCfg = Release_VS2013|x64
		{0C768A18-1D25-4000-9F37-DA5FE99E3B64}.TracingRelease|ARM.Build.0 = Release_VS2013|x64
		{0C768A18-1D25-4000-9F37-DA5FE99E3B64}.TracingRelease|Win32.ActiveCfg = Release|Win32
		{0C768A18-1D25-4000-9F37-DA5FE99E3B64}.TracingRelease|Win32.Build.0 = Release|Win32
		{0C768A18-1D25-4000-9F37-DA5FE99E3B64}.TracingRelease|x64.ActiveCfg = Release|x64
		{0C768A18-1D25-4000-9F37-DA5FE99E3B64}.TracingRelease|x64.Build.0 = Release|x64
		{96610759-07B9-4EEB-A974-5C634A2E742B}.Debug_VS2013|Any CPU.ActiveCfg = Release|x64
		{96610759-07B9-4EEB-A974-5C634A2E742B}.Debug_VS2013|Any CPU.Build.0 = Release|x64
		{96610759-07B9-4EEB-A974-5C634A2E742B}.Debug_VS2013|ARM.ActiveCfg = Release|x64
		{96610759-07B9-4EEB-A974-5C634A2E742B}.Debug_VS2013|ARM.Build.0 = Release|x64
		{96610759-07B9-4EEB-A974-5C634A2E742B}.Debug_VS2013|Win32.ActiveCfg = Debug|Win32
		{96610759-07B9-4EEB-A974-5C634A2E742B}.Debug_VS2013|Win32.Build.0 = Debug|Win32
		{96610759-07B9-4EEB-A974-5C634A2E742B}.Debug_VS2013|x64.ActiveCfg = Debug|x64
		{96610759-07B9-4EEB-A974-5C634A2E742B}.Debug_VS2013|x64.Build.0 = Debug|x64
		{96610759-07B9-4EEB-A974-5C634A2E742B}.Debug|Any CPU.ActiveCfg = Debug|Win32
		{96610759-07B9-4EEB-A974-5C634A2E742B}.Debug|ARM.ActiveCfg = Debug|Win32
		{96610759-07B9-4EEB-A974-5C634A2E742B}.Debug|Win32.ActiveCfg = Debug|Win32
		{96610759-07B9-4EEB-A974-5C634A2E742B}.Debug|Win32.Build.0 = Debug|Win32
		{96610759-07B9-4EEB-A974-5C634A2E742B}.Debug|x64.ActiveCfg = Debug|x64
		{96610759-07B9-4EEB-A974-5C634A2E742B}.Debug|x64.Build.0 = Debug|x64
		{96610759-07B9-4EEB-A974-5C634A2E742B}.DebugClang|Any CPU.ActiveCfg = Release|x64
		{96610759-07B9-4EEB-A974-5C634A2E742B}.DebugClang|Any CPU.Build.0 = Release|x64
		{96610759-07B9-4EEB-A974-5C634A2E742B}.DebugClang|ARM.ActiveCfg = Release|x64
		{96610759-07B9-4EEB-A974-5C634A2E742B}.DebugClang|ARM.Build.0 = Release|x64
		{96610759-07B9-4EEB-A974-5C634A2E742B}.DebugClang|Win32.ActiveCfg = Debug|Win32
		{96610759-07B9-4EEB-A974-5C634A2E742B}.DebugClang|Win32.Build.0 = Debug|Win32
		{96610759-07B9-4EEB-A974-5C634A2E742B}.DebugClang|x64.ActiveCfg = Debug|x64
		{96610759-07B9-4EEB-A974-5C634A2E742B}.DebugClang|x64.Build.0 = Debug|x64
		{96610759-07B9-4EEB-A974-5C634A2E742B}.Release_VS2013|Any CPU.ActiveCfg = Release|x64
		{96610759-07B9-4EEB-A974-5C634A2E742B}.Release_VS2013|Any CPU.Build.0 = Release|x64
		{96610759-07B9-4EEB-A974-5C634A2E742B}.Release_VS2013|ARM.ActiveCfg = Release|x64
		{96610759-07B9-4EEB-A974-5C634A2E742B}.Release_VS2013|ARM.Build.0 = Release|x64
		{96610759-07B9-4EEB-A974-5C634A2E742B}.Release_VS2013|Win32.ActiveCfg = Release|Win32
		{96610759-07B9-4EEB-A974-5C634A2E742B}.Release_VS2013|Win32.Build.0 = Release|Win32
		{96610759-07B9-4EEB-A974-5C634A2E742B}.Release_VS2013|x64.ActiveCfg = Release|x64
		{96610759-07B9-4EEB-A974-5C634A2E742B}.Release_VS2013|x64.Build.0 = Release|x64
		{96610759-07B9-4EEB-A974-5C634A2E742B}.Release|Any CPU.ActiveCfg = Release|Win32
		{96610759-07B9-4EEB-A974-5C634A2E742B}.Release|ARM.ActiveCfg = Release|Win32
		{96610759-07B9-4EEB-A974-5C634A2E742B}.Release|Win32.ActiveCfg = Release|Win32
		{96610759-07B9-4EEB-A974-5C634A2E742B}.Release|Win32.Build.0 = Release|Win32
		{96610759-07B9-4EEB-A974-5C634A2E742B}.Release|x64.ActiveCfg = Release|x64
		{96610759-07B9-4EEB-A974-5C634A2E742B}.Release|x64.Build.0 = Release|x64
		{96610759-07B9-4EEB-A974-5C634A2E742B}.TracingDebug|Any CPU.ActiveCfg = Release|x64
		{96610759-07B9-4EEB-A974-5C634A2E742B}.TracingDebug|Any CPU.Build.0 = Release|x64
		{96610759-07B9-4EEB-A974-5C634A2E742B}.TracingDebug|ARM.ActiveCfg = Release|x64
		{96610759-07B9-4EEB-A974-5C634A2E742B}.TracingDebug|ARM.Build.0 = Release|x64
		{96610759-07B9-4EEB-A974-5C634A2E742B}.TracingDebug|Win32.ActiveCfg = Debug|Win32
		{96610759-07B9-4EEB-A974-5C634A2E742B}.TracingDebug|Win32.Build.0 = Debug|Win32
		{96610759-07B9-4EEB-A974-5C634A2E742B}.TracingDebug|x64.ActiveCfg = Debug|x64
		{96610759-07B9-4EEB-A974-5C634A2E742B}.TracingDebug|x64.Build.0 = Debug|x64
		{96610759-07B9-4EEB-A974-5C634A2E742B}.TracingRelease|Any CPU.ActiveCfg = Release|x64
		{96610759-07B9-4EEB-A974-5C634A2E742B}.TracingRelease|Any CPU.Build.0 = Release|x64
		{96610759-07B9-4EEB-A974-5C634A2E742B}.TracingRelease|ARM.ActiveCfg = Release|x64
		{96610759-07B9-4EEB-A974-5C634A2E742B}.TracingRelease|ARM.Build.0 = Release|x64
		{96610759-07B9-4EEB-A974-5C634A2E742B}.TracingRelease|Win32.ActiveCfg = Release|Win32
		{96610759-07B9-4EEB-A974-5C634A2E742B}.TracingRelease|Win32.Build.0 = Release|Win32
		{96610759-07B9-4EEB-A974-5C634A2E742B}.TracingRelease|x64.ActiveCfg = Release|x64
		{96610759-07B9-4EEB-A974-5C634A2E742B}.TracingRelease|x64.Build.0 = Release|x64
		{C495878A-832C-485B-B347-0998A90CC936}.Debug_VS2013|Any CPU.ActiveCfg = Release|x64
		{C495878A-832C-485B-B347-0998A90CC936}.Debug_VS2013|Any CPU.Build.0 = Release|x64
		{C495878A-832C-485B-B347-0998A90CC936}.Debug_VS2013|ARM.ActiveCfg = Release|x64
		{C495878A-832C-485B-B347-0998A90CC936}.Debug_VS2013|ARM.Build.0 = Release|x64
		{C495878A-832C-485B-B347-0998A90CC936}.Debug_VS2013|Win32.ActiveCfg = Debug|Win32
		{C495878A-832C-485B-B347-0998A90CC936}.Debug_VS2013|Win32.Build.0 = Debug|Win32
		{C495878A-832C-485B-B347-0998A90CC936}.Debug_VS2013|x64.ActiveCfg = Debug|x64
		{C495878A-832C-485B-B347-0998A90CC936}.Debug_VS2013|x64.Build.0 = Debug|x64
		{C495878A-832C-485B-B347-0998A90CC936}.Debug|Any CPU.ActiveCfg = Debug|Win32
		{C495878A-832C-485B-B347-0998A90CC936}.Debug|ARM.ActiveCfg = Debug|Win32
		{C495878A-832C-485B-B347-0998A90CC936}.Debug|Win32.ActiveCfg = Debug|Win32
		{C495878A-832C-485B-B347-0998A90CC936}.Debug|Win32.Build.0 = Debug|Win32
		{C495878A-832C-485B-B347-0998A90CC936}.Debug|x64.ActiveCfg = Debug|x64
		{C495878A-832C-485B-B347-0998A90CC936}.Debug|x64.Build.0 = Debug|x64
		{C495878A-832C-485B-B347-0998A90CC936}.DebugClang|Any CPU.ActiveCfg = Release|x64
		{C495878A-832C-485B-B347-0998A90CC936}.DebugClang|Any CPU.Build.0 = Release|x64
		{C495878A-832C-485B-B347-0998A90CC936}.DebugClang|ARM.ActiveCfg = Release|x64
		{C495878A-832C-485B-B347-0998A90CC936}.DebugClang|ARM.Build.0 = Release|x64
		{C495878A-832C-485B-B347-0998A90CC936}.DebugClang|Win32.ActiveCfg = Debug|Win32
		{C495878A-832C-485B-B347-0998A90CC936}.DebugClang|Win32.Build.0 = Debug|Win32
		{C495878A-832C-485B-B347-0998A90CC936}.DebugClang|x64.ActiveCfg = Debug|x64
		{C495878A-832C-485B-B347-0998A90CC936}.DebugClang|x64.Build.0 = Debug|x64
		{C495878A-832C-485B-B347-0998A90CC936}.Release_VS2013|Any CPU.ActiveCfg = Release|x64
		{C495878A-832C-485B-B347-0998A90CC936}.Release_VS2013|Any CPU.Build.0 = Release|x64
		{C495878A-832C-485B-B347-0998A90CC936}.Release_VS2013|ARM.ActiveCfg = Release|x64
		{C495878A-832C-485B-B347-0998A90CC936}.Release_VS2013|ARM.Build.0 = Release|x64
		{C495878A-832C-485B-B347-0998A90CC936}.Release_VS2013|Win32.ActiveCfg = Release|Win32
		{C495878A-832C-485B-B347-0998A90CC936}.Release_VS2013|Win32.Build.0 = Release|Win32
		{C495878A-832C-485B-B347-0998A90CC936}.Release_VS2013|x64.ActiveCfg = Release|x64
		{C495878A-832C-485B-B347-0998A90CC936}.Release_VS2013|x64.Build.0 = Release|x64
		{C495878A-832C-485B-B347-0998A90CC936}.Release|Any CPU.ActiveCfg = Release|Win32
		{C495878A-832C-485B-B347-0998A90CC936}.Release|ARM.ActiveCfg = Release|Win32
		{C495878A-832C-485B-B347-0998A90CC936}.Release|Win32.ActiveCfg = Release|Win32
		{C495878A-832C-485B-B347-0998A90CC936}.Release|Win32.Build.0 = Release|Win32
		{C495878A-832C-485B-B347-0998A90CC936}.Release|x64.ActiveCfg = Release|x64
		{C495878A-832C-485B-B347-0998A90CC936}.Release|x64.Build.0 = Release|x64
		{C495878A-832C-485B-B347-0998A90CC936}.TracingDebug|Any CPU.ActiveCfg = Release|x64
		{C495878A-832C-485B-B347-0998A90CC936}.TracingDebug|Any CPU.Build.0 = Release|x64
		{C495878A-832C-485B-B347-0998A90CC936}.TracingDebug|ARM.ActiveCfg = Release|x64
		{C495878A-832C-485B-B347-0998A90CC936}.TracingDebug|ARM.Build.0 = Release|x64
		{C495878A-832C-485B-B347-0998A90CC936}.TracingDebug|Win32.ActiveCfg = Debug|Win32
		{C495878A-832C-485B-B347-0998A90CC936}.TracingDebug|Win32.Build.0 = Debug|Win32
		{C495878A-832C-485B-B347-0998A90CC936}.TracingDebug|x64.ActiveCfg = Debug|x64
		{C495878A-832C-485B-B347-0998A90CC936}.TracingDebug|x64.Build.0 = Debug|x64
		{C495878A-832C-485B-B347-0998A90CC936}.TracingRelease|Any CPU.ActiveCfg = Release|x64
		{C495878A-832C-485B-B347-0998A90CC936}.TracingRelease|Any CPU.Build.0 = Release|x64
		{C495878A-832C-485B-B347-0998A90CC936}.TracingRelease|ARM.ActiveCfg = Release|x64
		{C495878A-832C-485B-B347-0998A90CC936}.TracingRelease|ARM.Build.0 = Release|x64
		{C495878A-832C-485B-B347-0998A90CC936}.TracingRelease|Win32.ActiveCfg = Release|Win32
		{C495878A-832C-485B-B347-0998A90CC936}.TracingRelease|Win32.Build.0 = Release|Win32
		{C495878A-832C-485B-B347-0998A90CC936}.TracingRelease|x64.ActiveCfg = Release|x64
		{C495878A-832C-485B-B347-0998A90CC936}.TracingRelease|x64.Build.0 = Release|x64
	EndGlobalSection
	GlobalSection(SolutionProperties) = preSolution
		HideSolutionNode = FALSE
	EndGlobalSection
	GlobalSection(NestedProjects) = preSolution
		{E6385042-1649-4803-9EBD-168F8B7EF131} = {B625E3E2-3B0B-4A01-9D10-957F84092E10}
		{F9BE7957-8399-899E-0C49-E714FDDD4B65} = {362538E0-CA8A-4F9A-AC99-15CC9A715A43}
		{DB00DA62-0533-4AFD-B59F-A67D5B3A0808} = {362538E0-CA8A-4F9A-AC99-15CC9A715A43}
		{1168C449-66A5-4D23-80E2-2C1A07E58F83} = {362538E0-CA8A-4F9A-AC99-15CC9A715A43}
		{D56CBCEB-1EB5-4CA8-AEC4-48EA35ED61C7} = {362538E0-CA8A-4F9A-AC99-15CC9A715A43}
		{0C768A18-1D25-4000-9F37-DA5FE99E3B64} = {74C5F0DC-93BB-4BF3-AC65-8C65491570F7}
		{96610759-07B9-4EEB-A974-5C634A2E742B} = {74C5F0DC-93BB-4BF3-AC65-8C65491570F7}
		{C495878A-832C-485B-B347-0998A90CC936} = {74C5F0DC-93BB-4BF3-AC65-8C65491570F7}
	EndGlobalSection
EndGlobal
