
Microsoft Visual Studio Solution File, Format Version 12.00
# Visual Studio 14
Project("{2150E333-8FDC-42A3-9474-1A3956D46DE8}") = "examples", "examples", "{EB5FC2C6-D72D-B6CC-C0C1-26F3AC2E9231}"
EndProject
Project("{8BC9CEB8-8B4A-11D0-8D11-00A0C91BC942}") = "hello-world", "examples\hello-world\hello-world.vcxproj", "{010BE414-ED5B-CF56-16C0-BD18027062C0}"
EndProject
Project("{8BC9CEB8-8B4A-11D0-8D11-00A0C91BC942}") = "model-viewer", "examples\model-viewer\model-viewer.vcxproj", "{2F8724C6-1BC3-2730-84D5-3F277030D04A}"
EndProject
Project("{8BC9CEB8-8B4A-11D0-8D11-00A0C91BC942}") = "core", "source\core\core.vcxproj", "{F9BE7957-8399-899E-0C49-E714FDDD4B65}"
EndProject
Project("{2150E333-8FDC-42A3-9474-1A3956D46DE8}") = "tools", "tools", "{FD47AE19-69FD-260F-F2F1-20E65EA61D13}"
EndProject
Project("{8BC9CEB8-8B4A-11D0-8D11-00A0C91BC942}") = "slang-generate", "tools\slang-generate\slang-generate.vcxproj", "{66174227-8541-41FC-A6DF-4764FC66F78E}"
EndProject
Project("{8BC9CEB8-8B4A-11D0-8D11-00A0C91BC942}") = "slang-test", "tools\slang-test\slang-test.vcxproj", "{0C768A18-1D25-4000-9F37-DA5FE99E3B64}"
EndProject
Project("{8BC9CEB8-8B4A-11D0-8D11-00A0C91BC942}") = "gfx", "tools\gfx\gfx.vcxproj", "{222F7498-B40C-4F3F-A704-DDEB91A4484A}"
EndProject
Project("{2150E333-8FDC-42A3-9474-1A3956D46DE8}") = "test-tool", "test-tool", "{57B5AA5E-C340-1823-CC51-9B17385C7423}"
EndProject
Project("{8BC9CEB8-8B4A-11D0-8D11-00A0C91BC942}") = "slang-reflection-test-tool", "tools\slang-reflection-test\slang-reflection-test-tool.vcxproj", "{C5ACCA6E-C04D-4B36-8516-3752B3C13C2F}"
EndProject
Project("{8BC9CEB8-8B4A-11D0-8D11-00A0C91BC942}") = "render-test-tool", "tools\render-test\render-test-tool.vcxproj", "{61F7EB00-7281-4BF3-9470-7C2EA92620C3}"
EndProject
Project("{8BC9CEB8-8B4A-11D0-8D11-00A0C91BC942}") = "slangc", "source\slangc\slangc.vcxproj", "{D56CBCEB-1EB5-4CA8-AEC4-48EA35ED61C7}"
EndProject
Project("{8BC9CEB8-8B4A-11D0-8D11-00A0C91BC942}") = "slang", "source\slang\slang.vcxproj", "{DB00DA62-0533-4AFD-B59F-A67D5B3A0808}"
	ProjectSection(ProjectDependencies) = postProject
		{66174227-8541-41FC-A6DF-4764FC66F78E} = {66174227-8541-41FC-A6DF-4764FC66F78E}
	EndProjectSection
EndProject
Project("{8BC9CEB8-8B4A-11D0-8D11-00A0C91BC942}") = "slang-glslang", "source\slang-glslang\slang-glslang.vcxproj", "{C495878A-832C-485B-B347-0998A90CC936}"
EndProject
Global
	GlobalSection(SolutionConfigurationPlatforms) = preSolution
		Debug|Win32 = Debug|Win32
		Debug|x64 = Debug|x64
		Release|Win32 = Release|Win32
		Release|x64 = Release|x64
	EndGlobalSection
	GlobalSection(ProjectConfigurationPlatforms) = postSolution
		{010BE414-ED5B-CF56-16C0-BD18027062C0}.Debug|Win32.ActiveCfg = Debug|Win32
		{010BE414-ED5B-CF56-16C0-BD18027062C0}.Debug|Win32.Build.0 = Debug|Win32
		{010BE414-ED5B-CF56-16C0-BD18027062C0}.Debug|x64.ActiveCfg = Debug|x64
		{010BE414-ED5B-CF56-16C0-BD18027062C0}.Debug|x64.Build.0 = Debug|x64
		{010BE414-ED5B-CF56-16C0-BD18027062C0}.Release|Win32.ActiveCfg = Release|Win32
		{010BE414-ED5B-CF56-16C0-BD18027062C0}.Release|Win32.Build.0 = Release|Win32
		{010BE414-ED5B-CF56-16C0-BD18027062C0}.Release|x64.ActiveCfg = Release|x64
		{010BE414-ED5B-CF56-16C0-BD18027062C0}.Release|x64.Build.0 = Release|x64
		{2F8724C6-1BC3-2730-84D5-3F277030D04A}.Debug|Win32.ActiveCfg = Debug|Win32
		{2F8724C6-1BC3-2730-84D5-3F277030D04A}.Debug|Win32.Build.0 = Debug|Win32
		{2F8724C6-1BC3-2730-84D5-3F277030D04A}.Debug|x64.ActiveCfg = Debug|x64
		{2F8724C6-1BC3-2730-84D5-3F277030D04A}.Debug|x64.Build.0 = Debug|x64
		{2F8724C6-1BC3-2730-84D5-3F277030D04A}.Release|Win32.ActiveCfg = Release|Win32
		{2F8724C6-1BC3-2730-84D5-3F277030D04A}.Release|Win32.Build.0 = Release|Win32
		{2F8724C6-1BC3-2730-84D5-3F277030D04A}.Release|x64.ActiveCfg = Release|x64
		{2F8724C6-1BC3-2730-84D5-3F277030D04A}.Release|x64.Build.0 = Release|x64
		{F9BE7957-8399-899E-0C49-E714FDDD4B65}.Debug|Win32.ActiveCfg = Debug|Win32
		{F9BE7957-8399-899E-0C49-E714FDDD4B65}.Debug|Win32.Build.0 = Debug|Win32
		{F9BE7957-8399-899E-0C49-E714FDDD4B65}.Debug|x64.ActiveCfg = Debug|x64
		{F9BE7957-8399-899E-0C49-E714FDDD4B65}.Debug|x64.Build.0 = Debug|x64
		{F9BE7957-8399-899E-0C49-E714FDDD4B65}.Release|Win32.ActiveCfg = Release|Win32
		{F9BE7957-8399-899E-0C49-E714FDDD4B65}.Release|Win32.Build.0 = Release|Win32
		{F9BE7957-8399-899E-0C49-E714FDDD4B65}.Release|x64.ActiveCfg = Release|x64
		{F9BE7957-8399-899E-0C49-E714FDDD4B65}.Release|x64.Build.0 = Release|x64
		{66174227-8541-41FC-A6DF-4764FC66F78E}.Debug|Win32.ActiveCfg = Debug|Win32
		{66174227-8541-41FC-A6DF-4764FC66F78E}.Debug|Win32.Build.0 = Debug|Win32
		{66174227-8541-41FC-A6DF-4764FC66F78E}.Debug|x64.ActiveCfg = Debug|x64
		{66174227-8541-41FC-A6DF-4764FC66F78E}.Debug|x64.Build.0 = Debug|x64
		{66174227-8541-41FC-A6DF-4764FC66F78E}.Release|Win32.ActiveCfg = Release|Win32
		{66174227-8541-41FC-A6DF-4764FC66F78E}.Release|Win32.Build.0 = Release|Win32
		{66174227-8541-41FC-A6DF-4764FC66F78E}.Release|x64.ActiveCfg = Release|x64
		{66174227-8541-41FC-A6DF-4764FC66F78E}.Release|x64.Build.0 = Release|x64
		{0C768A18-1D25-4000-9F37-DA5FE99E3B64}.Debug|Win32.ActiveCfg = Debug|Win32
		{0C768A18-1D25-4000-9F37-DA5FE99E3B64}.Debug|Win32.Build.0 = Debug|Win32
		{0C768A18-1D25-4000-9F37-DA5FE99E3B64}.Debug|x64.ActiveCfg = Debug|x64
		{0C768A18-1D25-4000-9F37-DA5FE99E3B64}.Debug|x64.Build.0 = Debug|x64
		{0C768A18-1D25-4000-9F37-DA5FE99E3B64}.Release|Win32.ActiveCfg = Release|Win32
		{0C768A18-1D25-4000-9F37-DA5FE99E3B64}.Release|Win32.Build.0 = Release|Win32
		{0C768A18-1D25-4000-9F37-DA5FE99E3B64}.Release|x64.ActiveCfg = Release|x64
		{0C768A18-1D25-4000-9F37-DA5FE99E3B64}.Release|x64.Build.0 = Release|x64
		{222F7498-B40C-4F3F-A704-DDEB91A4484A}.Debug|Win32.ActiveCfg = Debug|Win32
		{222F7498-B40C-4F3F-A704-DDEB91A4484A}.Debug|Win32.Build.0 = Debug|Win32
		{222F7498-B40C-4F3F-A704-DDEB91A4484A}.Debug|x64.ActiveCfg = Debug|x64
		{222F7498-B40C-4F3F-A704-DDEB91A4484A}.Debug|x64.Build.0 = Debug|x64
		{222F7498-B40C-4F3F-A704-DDEB91A4484A}.Release|Win32.ActiveCfg = Release|Win32
		{222F7498-B40C-4F3F-A704-DDEB91A4484A}.Release|Win32.Build.0 = Release|Win32
		{222F7498-B40C-4F3F-A704-DDEB91A4484A}.Release|x64.ActiveCfg = Release|x64
		{222F7498-B40C-4F3F-A704-DDEB91A4484A}.Release|x64.Build.0 = Release|x64
		{C5ACCA6E-C04D-4B36-8516-3752B3C13C2F}.Debug|Win32.ActiveCfg = Debug|Win32
		{C5ACCA6E-C04D-4B36-8516-3752B3C13C2F}.Debug|Win32.Build.0 = Debug|Win32
		{C5ACCA6E-C04D-4B36-8516-3752B3C13C2F}.Debug|x64.ActiveCfg = Debug|x64
		{C5ACCA6E-C04D-4B36-8516-3752B3C13C2F}.Debug|x64.Build.0 = Debug|x64
		{C5ACCA6E-C04D-4B36-8516-3752B3C13C2F}.Release|Win32.ActiveCfg = Release|Win32
		{C5ACCA6E-C04D-4B36-8516-3752B3C13C2F}.Release|Win32.Build.0 = Release|Win32
		{C5ACCA6E-C04D-4B36-8516-3752B3C13C2F}.Release|x64.ActiveCfg = Release|x64
		{C5ACCA6E-C04D-4B36-8516-3752B3C13C2F}.Release|x64.Build.0 = Release|x64
		{61F7EB00-7281-4BF3-9470-7C2EA92620C3}.Debug|Win32.ActiveCfg = Debug|Win32
		{61F7EB00-7281-4BF3-9470-7C2EA92620C3}.Debug|Win32.Build.0 = Debug|Win32
		{61F7EB00-7281-4BF3-9470-7C2EA92620C3}.Debug|x64.ActiveCfg = Debug|x64
		{61F7EB00-7281-4BF3-9470-7C2EA92620C3}.Debug|x64.Build.0 = Debug|x64
		{61F7EB00-7281-4BF3-9470-7C2EA92620C3}.Release|Win32.ActiveCfg = Release|Win32
		{61F7EB00-7281-4BF3-9470-7C2EA92620C3}.Release|Win32.Build.0 = Release|Win32
		{61F7EB00-7281-4BF3-9470-7C2EA92620C3}.Release|x64.ActiveCfg = Release|x64
		{61F7EB00-7281-4BF3-9470-7C2EA92620C3}.Release|x64.Build.0 = Release|x64
		{D56CBCEB-1EB5-4CA8-AEC4-48EA35ED61C7}.Debug|Win32.ActiveCfg = Debug|Win32
		{D56CBCEB-1EB5-4CA8-AEC4-48EA35ED61C7}.Debug|Win32.Build.0 = Debug|Win32
		{D56CBCEB-1EB5-4CA8-AEC4-48EA35ED61C7}.Debug|x64.ActiveCfg = Debug|x64
		{D56CBCEB-1EB5-4CA8-AEC4-48EA35ED61C7}.Debug|x64.Build.0 = Debug|x64
		{D56CBCEB-1EB5-4CA8-AEC4-48EA35ED61C7}.Release|Win32.ActiveCfg = Release|Win32
		{D56CBCEB-1EB5-4CA8-AEC4-48EA35ED61C7}.Release|Win32.Build.0 = Release|Win32
		{D56CBCEB-1EB5-4CA8-AEC4-48EA35ED61C7}.Release|x64.ActiveCfg = Release|x64
		{D56CBCEB-1EB5-4CA8-AEC4-48EA35ED61C7}.Release|x64.Build.0 = Release|x64
		{DB00DA62-0533-4AFD-B59F-A67D5B3A0808}.Debug|Win32.ActiveCfg = Debug|Win32
		{DB00DA62-0533-4AFD-B59F-A67D5B3A0808}.Debug|Win32.Build.0 = Debug|Win32
		{DB00DA62-0533-4AFD-B59F-A67D5B3A0808}.Debug|x64.ActiveCfg = Debug|x64
		{DB00DA62-0533-4AFD-B59F-A67D5B3A0808}.Debug|x64.Build.0 = Debug|x64
		{DB00DA62-0533-4AFD-B59F-A67D5B3A0808}.Release|Win32.ActiveCfg = Release|Win32
		{DB00DA62-0533-4AFD-B59F-A67D5B3A0808}.Release|Win32.Build.0 = Release|Win32
		{DB00DA62-0533-4AFD-B59F-A67D5B3A0808}.Release|x64.ActiveCfg = Release|x64
		{DB00DA62-0533-4AFD-B59F-A67D5B3A0808}.Release|x64.Build.0 = Release|x64
		{C495878A-832C-485B-B347-0998A90CC936}.Debug|Win32.ActiveCfg = Debug|Win32
		{C495878A-832C-485B-B347-0998A90CC936}.Debug|Win32.Build.0 = Debug|Win32
		{C495878A-832C-485B-B347-0998A90CC936}.Debug|x64.ActiveCfg = Debug|x64
		{C495878A-832C-485B-B347-0998A90CC936}.Debug|x64.Build.0 = Debug|x64
		{C495878A-832C-485B-B347-0998A90CC936}.Release|Win32.ActiveCfg = Release|Win32
		{C495878A-832C-485B-B347-0998A90CC936}.Release|Win32.Build.0 = Release|Win32
		{C495878A-832C-485B-B347-0998A90CC936}.Release|x64.ActiveCfg = Release|x64
		{C495878A-832C-485B-B347-0998A90CC936}.Release|x64.Build.0 = Release|x64
	EndGlobalSection
	GlobalSection(SolutionProperties) = preSolution
		HideSolutionNode = FALSE
	EndGlobalSection
	GlobalSection(NestedProjects) = preSolution
		{010BE414-ED5B-CF56-16C0-BD18027062C0} = {EB5FC2C6-D72D-B6CC-C0C1-26F3AC2E9231}
		{2F8724C6-1BC3-2730-84D5-3F277030D04A} = {EB5FC2C6-D72D-B6CC-C0C1-26F3AC2E9231}
		{66174227-8541-41FC-A6DF-4764FC66F78E} = {FD47AE19-69FD-260F-F2F1-20E65EA61D13}
		{0C768A18-1D25-4000-9F37-DA5FE99E3B64} = {FD47AE19-69FD-260F-F2F1-20E65EA61D13}
		{222F7498-B40C-4F3F-A704-DDEB91A4484A} = {FD47AE19-69FD-260F-F2F1-20E65EA61D13}
		{C5ACCA6E-C04D-4B36-8516-3752B3C13C2F} = {57B5AA5E-C340-1823-CC51-9B17385C7423}
		{61F7EB00-7281-4BF3-9470-7C2EA92620C3} = {57B5AA5E-C340-1823-CC51-9B17385C7423}
	EndGlobalSection
EndGlobal
