<?xml version="1.0" encoding="utf-8"?>
<Project ToolsVersion="4.0" xmlns="http://schemas.microsoft.com/developer/msbuild/2003">
  <ItemGroup>
    <Filter Include="Header Files">
      <UniqueIdentifier>{21EB8090-0D4E-1035-B6D3-48EBA215DCB7}</UniqueIdentifier>
    </Filter>
    <Filter Include="Source Files">
      <UniqueIdentifier>{E9C7FDCE-D52A-8D73-7EB0-C5296AF258F6}</UniqueIdentifier>
    </Filter>
  </ItemGroup>
  <ItemGroup>
    <ClInclude Include="..\..\slang.h">
      <Filter>Header Files</Filter>
    </ClInclude>
    <ClInclude Include="check.h">
      <Filter>Header Files</Filter>
    </ClInclude>
    <ClInclude Include="compiler.h">
      <Filter>Header Files</Filter>
    </ClInclude>
    <ClInclude Include="core.meta.slang.h">
      <Filter>Header Files</Filter>
    </ClInclude>
    <ClInclude Include="decl-defs.h">
      <Filter>Header Files</Filter>
    </ClInclude>
    <ClInclude Include="diagnostic-defs.h">
      <Filter>Header Files</Filter>
    </ClInclude>
    <ClInclude Include="diagnostics.h">
      <Filter>Header Files</Filter>
    </ClInclude>
    <ClInclude Include="emit.h">
      <Filter>Header Files</Filter>
    </ClInclude>
    <ClInclude Include="expr-defs.h">
      <Filter>Header Files</Filter>
    </ClInclude>
    <ClInclude Include="glsl.meta.slang.h">
      <Filter>Header Files</Filter>
    </ClInclude>
    <ClInclude Include="hlsl.meta.slang.h">
      <Filter>Header Files</Filter>
    </ClInclude>
    <ClInclude Include="ir-clone.h">
      <Filter>Header Files</Filter>
    </ClInclude>
    <ClInclude Include="ir-constexpr.h">
      <Filter>Header Files</Filter>
    </ClInclude>
    <ClInclude Include="ir-dce.h">
      <Filter>Header Files</Filter>
    </ClInclude>
    <ClInclude Include="ir-dominators.h">
      <Filter>Header Files</Filter>
    </ClInclude>
    <ClInclude Include="ir-existential.h">
      <Filter>Header Files</Filter>
    </ClInclude>
    <ClInclude Include="ir-glsl-legalize.h">
      <Filter>Header Files</Filter>
    </ClInclude>
    <ClInclude Include="ir-inst-defs.h">
      <Filter>Header Files</Filter>
    </ClInclude>
    <ClInclude Include="ir-insts.h">
      <Filter>Header Files</Filter>
    </ClInclude>
    <ClInclude Include="ir-link.h">
      <Filter>Header Files</Filter>
    </ClInclude>
    <ClInclude Include="ir-missing-return.h">
      <Filter>Header Files</Filter>
    </ClInclude>
    <ClInclude Include="ir-restructure-scoping.h">
      <Filter>Header Files</Filter>
    </ClInclude>
    <ClInclude Include="ir-restructure.h">
      <Filter>Header Files</Filter>
    </ClInclude>
    <ClInclude Include="ir-sccp.h">
      <Filter>Header Files</Filter>
    </ClInclude>
    <ClInclude Include="ir-serialize.h">
      <Filter>Header Files</Filter>
    </ClInclude>
    <ClInclude Include="ir-specialize-resources.h">
      <Filter>Header Files</Filter>
    </ClInclude>
    <ClInclude Include="ir-specialize.h">
      <Filter>Header Files</Filter>
    </ClInclude>
    <ClInclude Include="ir-ssa.h">
      <Filter>Header Files</Filter>
    </ClInclude>
    <ClInclude Include="ir-validate.h">
      <Filter>Header Files</Filter>
    </ClInclude>
    <ClInclude Include="ir.h">
      <Filter>Header Files</Filter>
    </ClInclude>
    <ClInclude Include="legalize-types.h">
      <Filter>Header Files</Filter>
    </ClInclude>
    <ClInclude Include="lexer.h">
      <Filter>Header Files</Filter>
    </ClInclude>
    <ClInclude Include="lookup.h">
      <Filter>Header Files</Filter>
    </ClInclude>
    <ClInclude Include="lower-to-ir.h">
      <Filter>Header Files</Filter>
    </ClInclude>
    <ClInclude Include="mangle.h">
      <Filter>Header Files</Filter>
    </ClInclude>
    <ClInclude Include="modifier-defs.h">
      <Filter>Header Files</Filter>
    </ClInclude>
    <ClInclude Include="name.h">
      <Filter>Header Files</Filter>
    </ClInclude>
    <ClInclude Include="object-meta-begin.h">
      <Filter>Header Files</Filter>
    </ClInclude>
    <ClInclude Include="object-meta-end.h">
      <Filter>Header Files</Filter>
    </ClInclude>
    <ClInclude Include="parameter-binding.h">
      <Filter>Header Files</Filter>
    </ClInclude>
    <ClInclude Include="parser.h">
      <Filter>Header Files</Filter>
    </ClInclude>
    <ClInclude Include="preprocessor.h">
      <Filter>Header Files</Filter>
    </ClInclude>
    <ClInclude Include="profile-defs.h">
      <Filter>Header Files</Filter>
    </ClInclude>
    <ClInclude Include="profile.h">
      <Filter>Header Files</Filter>
    </ClInclude>
    <ClInclude Include="reflection.h">
      <Filter>Header Files</Filter>
    </ClInclude>
    <ClInclude Include="slang-file-system.h">
      <Filter>Header Files</Filter>
    </ClInclude>
    <ClInclude Include="source-loc.h">
      <Filter>Header Files</Filter>
    </ClInclude>
    <ClInclude Include="stmt-defs.h">
      <Filter>Header Files</Filter>
    </ClInclude>
    <ClInclude Include="syntax-base-defs.h">
      <Filter>Header Files</Filter>
    </ClInclude>
    <ClInclude Include="syntax-defs.h">
      <Filter>Header Files</Filter>
    </ClInclude>
    <ClInclude Include="syntax-visitors.h">
      <Filter>Header Files</Filter>
    </ClInclude>
    <ClInclude Include="syntax.h">
      <Filter>Header Files</Filter>
    </ClInclude>
    <ClInclude Include="token-defs.h">
      <Filter>Header Files</Filter>
    </ClInclude>
    <ClInclude Include="token.h">
      <Filter>Header Files</Filter>
    </ClInclude>
    <ClInclude Include="type-defs.h">
      <Filter>Header Files</Filter>
    </ClInclude>
    <ClInclude Include="type-layout.h">
      <Filter>Header Files</Filter>
    </ClInclude>
    <ClInclude Include="type-system-shared.h">
      <Filter>Header Files</Filter>
    </ClInclude>
    <ClInclude Include="val-defs.h">
      <Filter>Header Files</Filter>
    </ClInclude>
    <ClInclude Include="visitor.h">
      <Filter>Header Files</Filter>
    </ClInclude>
  </ItemGroup>
  <ItemGroup>
    <ClCompile Include="check.cpp">
      <Filter>Source Files</Filter>
    </ClCompile>
    <ClCompile Include="compiler.cpp">
      <Filter>Source Files</Filter>
    </ClCompile>
    <ClCompile Include="diagnostics.cpp">
      <Filter>Source Files</Filter>
    </ClCompile>
    <ClCompile Include="dxc-support.cpp">
      <Filter>Source Files</Filter>
    </ClCompile>
    <ClCompile Include="emit.cpp">
      <Filter>Source Files</Filter>
    </ClCompile>
    <ClCompile Include="ir-clone.cpp">
      <Filter>Source Files</Filter>
    </ClCompile>
    <ClCompile Include="ir-constexpr.cpp">
      <Filter>Source Files</Filter>
    </ClCompile>
    <ClCompile Include="ir-dce.cpp">
      <Filter>Source Files</Filter>
    </ClCompile>
    <ClCompile Include="ir-dominators.cpp">
      <Filter>Source Files</Filter>
    </ClCompile>
    <ClCompile Include="ir-existential.cpp">
      <Filter>Source Files</Filter>
    </ClCompile>
    <ClCompile Include="ir-glsl-legalize.cpp">
      <Filter>Source Files</Filter>
    </ClCompile>
    <ClCompile Include="ir-legalize-types.cpp">
      <Filter>Source Files</Filter>
    </ClCompile>
    <ClCompile Include="ir-link.cpp">
      <Filter>Source Files</Filter>
    </ClCompile>
    <ClCompile Include="ir-missing-return.cpp">
      <Filter>Source Files</Filter>
    </ClCompile>
    <ClCompile Include="ir-restructure-scoping.cpp">
      <Filter>Source Files</Filter>
    </ClCompile>
    <ClCompile Include="ir-restructure.cpp">
      <Filter>Source Files</Filter>
    </ClCompile>
    <ClCompile Include="ir-sccp.cpp">
      <Filter>Source Files</Filter>
    </ClCompile>
    <ClCompile Include="ir-serialize.cpp">
      <Filter>Source Files</Filter>
    </ClCompile>
    <ClCompile Include="ir-specialize-resources.cpp">
      <Filter>Source Files</Filter>
    </ClCompile>
    <ClCompile Include="ir-specialize.cpp">
      <Filter>Source Files</Filter>
    </ClCompile>
    <ClCompile Include="ir-ssa.cpp">
      <Filter>Source Files</Filter>
    </ClCompile>
    <ClCompile Include="ir-validate.cpp">
      <Filter>Source Files</Filter>
    </ClCompile>
    <ClCompile Include="ir.cpp">
      <Filter>Source Files</Filter>
    </ClCompile>
    <ClCompile Include="legalize-types.cpp">
      <Filter>Source Files</Filter>
    </ClCompile>
    <ClCompile Include="lexer.cpp">
      <Filter>Source Files</Filter>
    </ClCompile>
    <ClCompile Include="lookup.cpp">
      <Filter>Source Files</Filter>
    </ClCompile>
    <ClCompile Include="lower-to-ir.cpp">
      <Filter>Source Files</Filter>
    </ClCompile>
    <ClCompile Include="mangle.cpp">
      <Filter>Source Files</Filter>
    </ClCompile>
    <ClCompile Include="name.cpp">
      <Filter>Source Files</Filter>
    </ClCompile>
    <ClCompile Include="options.cpp">
      <Filter>Source Files</Filter>
    </ClCompile>
    <ClCompile Include="parameter-binding.cpp">
      <Filter>Source Files</Filter>
    </ClCompile>
    <ClCompile Include="parser.cpp">
      <Filter>Source Files</Filter>
    </ClCompile>
    <ClCompile Include="preprocessor.cpp">
      <Filter>Source Files</Filter>
    </ClCompile>
    <ClCompile Include="profile.cpp">
      <Filter>Source Files</Filter>
    </ClCompile>
    <ClCompile Include="reflection.cpp">
      <Filter>Source Files</Filter>
    </ClCompile>
    <ClCompile Include="slang-file-system.cpp">
      <Filter>Source Files</Filter>
    </ClCompile>
    <ClCompile Include="slang-stdlib.cpp">
      <Filter>Source Files</Filter>
    </ClCompile>
    <ClCompile Include="slang.cpp">
      <Filter>Source Files</Filter>
    </ClCompile>
    <ClCompile Include="source-loc.cpp">
      <Filter>Source Files</Filter>
    </ClCompile>
    <ClCompile Include="syntax.cpp">
      <Filter>Source Files</Filter>
    </ClCompile>
    <ClCompile Include="token.cpp">
      <Filter>Source Files</Filter>
    </ClCompile>
    <ClCompile Include="type-layout.cpp">
      <Filter>Source Files</Filter>
    </ClCompile>
    <ClCompile Include="type-system-shared.cpp">
      <Filter>Source Files</Filter>
    </ClCompile>
  </ItemGroup>
  <ItemGroup>
    <None Include="slang.natvis">
      <Filter>Source Files</Filter>
    </None>
  </ItemGroup>
  <ItemGroup>
    <CustomBuild Include="core.meta.slang">
      <Filter>Source Files</Filter>
    </CustomBuild>
    <CustomBuild Include="hlsl.meta.slang">
      <Filter>Source Files</Filter>
    </CustomBuild>
  </ItemGroup>
</Project>