<?xml version="1.0" encoding="utf-8"?>
<Project ToolsVersion="4.0" xmlns="http://schemas.microsoft.com/developer/msbuild/2003">
  <ItemGroup>
    <Filter Include="Header Files">
      <UniqueIdentifier>{21EB8090-0D4E-1035-B6D3-48EBA215DCB7}</UniqueIdentifier>
    </Filter>
    <Filter Include="Source Files">
      <UniqueIdentifier>{E9C7FDCE-D52A-8D73-7EB0-C5296AF258F6}</UniqueIdentifier>
    </Filter>
  </ItemGroup>
  <ItemGroup>
    <ClInclude Include="options.h">
      <Filter>Header Files</Filter>
    </ClInclude>
    <ClInclude Include="png-serialize-util.h">
      <Filter>Header Files</Filter>
    </ClInclude>
    <ClInclude Include="shader-input-layout.h">
      <Filter>Header Files</Filter>
    </ClInclude>
    <ClInclude Include="shader-renderer-util.h">
      <Filter>Header Files</Filter>
    </ClInclude>
    <ClInclude Include="slang-support.h">
      <Filter>Header Files</Filter>
    </ClInclude>
  </ItemGroup>
  <ItemGroup>
    <ClCompile Include="main.cpp">
      <Filter>Source Files</Filter>
    </ClCompile>
    <ClCompile Include="options.cpp">
      <Filter>Source Files</Filter>
    </ClCompile>
    <ClCompile Include="png-serialize-util.cpp">
      <Filter>Source Files</Filter>
    </ClCompile>
    <ClCompile Include="shader-input-layout.cpp">
      <Filter>Source Files</Filter>
    </ClCompile>
    <ClCompile Include="shader-renderer-util.cpp">
      <Filter>Source Files</Filter>
    </ClCompile>
    <ClCompile Include="slang-support.cpp">
      <Filter>Source Files</Filter>
    </ClCompile>
  </ItemGroup>
</Project>