<?xml version="1.0" encoding="utf-8"?>
<Project ToolsVersion="4.0" xmlns="http://schemas.microsoft.com/developer/msbuild/2003">
  <ItemGroup>
    <Filter Include="Header Files">
      <UniqueIdentifier>{21EB8090-0D4E-1035-B6D3-48EBA215DCB7}</UniqueIdentifier>
    </Filter>
    <Filter Include="Source Files">
      <UniqueIdentifier>{E9C7FDCE-D52A-8D73-7EB0-C5296AF258F6}</UniqueIdentifier>
    </Filter>
    <Filter Include="Source Files\spirv-tools">
      <UniqueIdentifier>{0f17aa89-8c4d-488f-9577-c32b50f9b081}</UniqueIdentifier>
    </Filter>
    <Filter Include="Source Files\spirv-tools\val">
      <UniqueIdentifier>{79d3e53a-e1bb-41a8-9a8c-65ed15905fce}</UniqueIdentifier>
    </Filter>
    <Filter Include="Source Files\spirv-tools\opt">
      <UniqueIdentifier>{cbc707d5-9925-4cfc-a98f-24edb5d66cfa}</UniqueIdentifier>
    </Filter>
    <Filter Include="Source Files\spirv-tools\util">
      <UniqueIdentifier>{525e4d11-95f7-4087-af42-3148dd340ae1}</UniqueIdentifier>
    </Filter>
    <Filter Include="Source Files\glslang">
      <UniqueIdentifier>{b2f07a8e-0eda-425b-b3d1-bf3e95a84878}</UniqueIdentifier>
    </Filter>
  </ItemGroup>
  <ItemGroup>
    <ClInclude Include="..\..\external\glslang\OGLCompilersDLL\InitializeDll.h">
      <Filter>Header Files</Filter>
    </ClInclude>
    <ClInclude Include="..\..\external\glslang\SPIRV\GLSL.ext.AMD.h">
      <Filter>Header Files</Filter>
    </ClInclude>
    <ClInclude Include="..\..\external\glslang\SPIRV\GLSL.ext.EXT.h">
      <Filter>Header Files</Filter>
    </ClInclude>
    <ClInclude Include="..\..\external\glslang\SPIRV\GLSL.ext.KHR.h">
      <Filter>Header Files</Filter>
    </ClInclude>
    <ClInclude Include="..\..\external\glslang\SPIRV\GLSL.ext.NV.h">
      <Filter>Header Files</Filter>
    </ClInclude>
    <ClInclude Include="..\..\external\glslang\SPIRV\GLSL.std.450.h">
      <Filter>Header Files</Filter>
    </ClInclude>
    <ClInclude Include="..\..\external\glslang\SPIRV\GlslangToSpv.h">
      <Filter>Header Files</Filter>
    </ClInclude>
    <ClInclude Include="..\..\external\glslang\SPIRV\Logger.h">
      <Filter>Header Files</Filter>
    </ClInclude>
    <ClInclude Include="..\..\external\glslang\SPIRV\SPVRemapper.h">
      <Filter>Header Files</Filter>
    </ClInclude>
    <ClInclude Include="..\..\external\glslang\SPIRV\SpvBuilder.h">
      <Filter>Header Files</Filter>
    </ClInclude>
    <ClInclude Include="..\..\external\glslang\SPIRV\SpvTools.h">
      <Filter>Header Files</Filter>
    </ClInclude>
    <ClInclude Include="..\..\external\glslang\SPIRV\bitutils.h">
      <Filter>Header Files</Filter>
    </ClInclude>
    <ClInclude Include="..\..\external\glslang\SPIRV\disassemble.h">
      <Filter>Header Files</Filter>
    </ClInclude>
    <ClInclude Include="..\..\external\glslang\SPIRV\doc.h">
      <Filter>Header Files</Filter>
    </ClInclude>
    <ClInclude Include="..\..\external\glslang\SPIRV\hex_float.h">
      <Filter>Header Files</Filter>
    </ClInclude>
    <ClInclude Include="..\..\external\glslang\SPIRV\spirv.hpp">
      <Filter>Header Files</Filter>
    </ClInclude>
    <ClInclude Include="..\..\external\glslang\SPIRV\spvIR.h">
      <Filter>Header Files</Filter>
    </ClInclude>
    <ClInclude Include="..\..\external\glslang\StandAlone\DirStackFileIncluder.h">
      <Filter>Header Files</Filter>
    </ClInclude>
    <ClInclude Include="..\..\external\glslang\StandAlone\ResourceLimits.h">
      <Filter>Header Files</Filter>
    </ClInclude>
    <ClInclude Include="..\..\external\glslang\StandAlone\Worklist.h">
      <Filter>Header Files</Filter>
    </ClInclude>
    <ClInclude Include="..\..\external\glslang\glslang\MachineIndependent\Initialize.h">
      <Filter>Header Files</Filter>
    </ClInclude>
    <ClInclude Include="..\..\external\glslang\glslang\MachineIndependent\LiveTraverser.h">
      <Filter>Header Files</Filter>
    </ClInclude>
    <ClInclude Include="..\..\external\glslang\glslang\MachineIndependent\ParseHelper.h">
      <Filter>Header Files</Filter>
    </ClInclude>
    <ClInclude Include="..\..\external\glslang\glslang\MachineIndependent\RemoveTree.h">
      <Filter>Header Files</Filter>
    </ClInclude>
    <ClInclude Include="..\..\external\glslang\glslang\MachineIndependent\Scan.h">
      <Filter>Header Files</Filter>
    </ClInclude>
    <ClInclude Include="..\..\external\glslang\glslang\MachineIndependent\ScanContext.h">
      <Filter>Header Files</Filter>
    </ClInclude>
    <ClInclude Include="..\..\external\glslang\glslang\MachineIndependent\SymbolTable.h">
      <Filter>Header Files</Filter>
    </ClInclude>
    <ClInclude Include="..\..\external\glslang\glslang\MachineIndependent\Versions.h">
      <Filter>Header Files</Filter>
    </ClInclude>
    <ClInclude Include="..\..\external\glslang\glslang\MachineIndependent\attribute.h">
      <Filter>Header Files</Filter>
    </ClInclude>
    <ClInclude Include="..\..\external\glslang\glslang\MachineIndependent\gl_types.h">
      <Filter>Header Files</Filter>
    </ClInclude>
    <ClInclude Include="..\..\external\glslang\glslang\MachineIndependent\glslang_tab.cpp.h">
      <Filter>Header Files</Filter>
    </ClInclude>
    <ClInclude Include="..\..\external\glslang\glslang\MachineIndependent\iomapper.h">
      <Filter>Header Files</Filter>
    </ClInclude>
    <ClInclude Include="..\..\external\glslang\glslang\MachineIndependent\localintermediate.h">
      <Filter>Header Files</Filter>
    </ClInclude>
    <ClInclude Include="..\..\external\glslang\glslang\MachineIndependent\parseVersions.h">
      <Filter>Header Files</Filter>
    </ClInclude>
    <ClInclude Include="..\..\external\glslang\glslang\MachineIndependent\pch.h">
      <Filter>Header Files</Filter>
    </ClInclude>
    <ClInclude Include="..\..\external\glslang\glslang\MachineIndependent\preprocessor\PpContext.h">
      <Filter>Header Files</Filter>
    </ClInclude>
    <ClInclude Include="..\..\external\glslang\glslang\MachineIndependent\preprocessor\PpTokens.h">
      <Filter>Header Files</Filter>
    </ClInclude>
    <ClInclude Include="..\..\external\glslang\glslang\MachineIndependent\propagateNoContraction.h">
      <Filter>Header Files</Filter>
    </ClInclude>
    <ClInclude Include="..\..\external\glslang\glslang\MachineIndependent\reflection.h">
      <Filter>Header Files</Filter>
    </ClInclude>
    <ClInclude Include="..\..\external\glslang\glslang\OSDependent\osinclude.h">
      <Filter>Header Files</Filter>
    </ClInclude>
    <ClInclude Include="slang-glslang.h">
      <Filter>Header Files</Filter>
    </ClInclude>
  </ItemGroup>
  <ItemGroup>
    <ClCompile Include="slang-glslang.cpp">
      <Filter>Source Files</Filter>
    </ClCompile>
    <ClCompile Include="..\..\external\spirv-tools\source\assembly_grammar.cpp">
      <Filter>Source Files\spirv-tools</Filter>
    </ClCompile>
    <ClCompile Include="..\..\external\spirv-tools\source\binary.cpp">
      <Filter>Source Files\spirv-tools</Filter>
    </ClCompile>
    <ClCompile Include="..\..\external\spirv-tools\source\diagnostic.cpp">
      <Filter>Source Files\spirv-tools</Filter>
    </ClCompile>
    <ClCompile Include="..\..\external\spirv-tools\source\disassemble.cpp">
      <Filter>Source Files\spirv-tools</Filter>
    </ClCompile>
    <ClCompile Include="..\..\external\spirv-tools\source\enum_string_mapping.cpp">
      <Filter>Source Files\spirv-tools</Filter>
    </ClCompile>
    <ClCompile Include="..\..\external\spirv-tools\source\ext_inst.cpp">
      <Filter>Source Files\spirv-tools</Filter>
    </ClCompile>
    <ClCompile Include="..\..\external\spirv-tools\source\extensions.cpp">
      <Filter>Source Files\spirv-tools</Filter>
    </ClCompile>
    <ClCompile Include="..\..\external\spirv-tools\source\libspirv.cpp">
      <Filter>Source Files\spirv-tools</Filter>
    </ClCompile>
    <ClCompile Include="..\..\external\spirv-tools\source\name_mapper.cpp">
      <Filter>Source Files\spirv-tools</Filter>
    </ClCompile>
    <ClCompile Include="..\..\external\spirv-tools\source\opcode.cpp">
      <Filter>Source Files\spirv-tools</Filter>
    </ClCompile>
    <ClCompile Include="..\..\external\spirv-tools\source\operand.cpp">
      <Filter>Source Files\spirv-tools</Filter>
    </ClCompile>
    <ClCompile Include="..\..\external\spirv-tools\source\parsed_operand.cpp">
      <Filter>Source Files\spirv-tools</Filter>
    </ClCompile>
    <ClCompile Include="..\..\external\spirv-tools\source\pch_source.cpp">
      <Filter>Source Files\spirv-tools</Filter>
    </ClCompile>
    <ClCompile Include="..\..\external\spirv-tools\source\print.cpp">
      <Filter>Source Files\spirv-tools</Filter>
    </ClCompile>
    <ClCompile Include="..\..\external\spirv-tools\source\software_version.cpp">
      <Filter>Source Files\spirv-tools</Filter>
    </ClCompile>
    <ClCompile Include="..\..\external\spirv-tools\source\spirv_endian.cpp">
      <Filter>Source Files\spirv-tools</Filter>
    </ClCompile>
    <ClCompile Include="..\..\external\spirv-tools\source\spirv_fuzzer_options.cpp">
      <Filter>Source Files\spirv-tools</Filter>
    </ClCompile>
    <ClCompile Include="..\..\external\spirv-tools\source\spirv_optimizer_options.cpp">
      <Filter>Source Files\spirv-tools</Filter>
    </ClCompile>
    <ClCompile Include="..\..\external\spirv-tools\source\spirv_reducer_options.cpp">
      <Filter>Source Files\spirv-tools</Filter>
    </ClCompile>
    <ClCompile Include="..\..\external\spirv-tools\source\spirv_target_env.cpp">
      <Filter>Source Files\spirv-tools</Filter>
    </ClCompile>
    <ClCompile Include="..\..\external\spirv-tools\source\spirv_validator_options.cpp">
      <Filter>Source Files\spirv-tools</Filter>
    </ClCompile>
    <ClCompile Include="..\..\external\spirv-tools\source\table.cpp">
      <Filter>Source Files\spirv-tools</Filter>
    </ClCompile>
    <ClCompile Include="..\..\external\spirv-tools\source\text.cpp">
      <Filter>Source Files\spirv-tools</Filter>
    </ClCompile>
    <ClCompile Include="..\..\external\spirv-tools\source\text_handler.cpp">
      <Filter>Source Files\spirv-tools</Filter>
    </ClCompile>
    <ClCompile Include="..\..\external\spirv-tools\source\opt\aggressive_dead_code_elim_pass.cpp">
      <Filter>Source Files\spirv-tools\opt</Filter>
    </ClCompile>
    <ClCompile Include="..\..\external\spirv-tools\source\opt\amd_ext_to_khr.cpp">
      <Filter>Source Files\spirv-tools\opt</Filter>
    </ClCompile>
    <ClCompile Include="..\..\external\spirv-tools\source\opt\basic_block.cpp">
      <Filter>Source Files\spirv-tools\opt</Filter>
    </ClCompile>
    <ClCompile Include="..\..\external\spirv-tools\source\opt\block_merge_pass.cpp">
      <Filter>Source Files\spirv-tools\opt</Filter>
    </ClCompile>
    <ClCompile Include="..\..\external\spirv-tools\source\opt\block_merge_util.cpp">
      <Filter>Source Files\spirv-tools\opt</Filter>
    </ClCompile>
    <ClCompile Include="..\..\external\spirv-tools\source\opt\build_module.cpp">
      <Filter>Source Files\spirv-tools\opt</Filter>
    </ClCompile>
    <ClCompile Include="..\..\external\spirv-tools\source\opt\ccp_pass.cpp">
      <Filter>Source Files\spirv-tools\opt</Filter>
    </ClCompile>
    <ClCompile Include="..\..\external\spirv-tools\source\opt\cfg.cpp">
      <Filter>Source Files\spirv-tools\opt</Filter>
    </ClCompile>
    <ClCompile Include="..\..\external\spirv-tools\source\opt\cfg_cleanup_pass.cpp">
      <Filter>Source Files\spirv-tools\opt</Filter>
    </ClCompile>
    <ClCompile Include="..\..\external\spirv-tools\source\opt\code_sink.cpp">
      <Filter>Source Files\spirv-tools\opt</Filter>
    </ClCompile>
    <ClCompile Include="..\..\external\spirv-tools\source\opt\combine_access_chains.cpp">
      <Filter>Source Files\spirv-tools\opt</Filter>
    </ClCompile>
    <ClCompile Include="..\..\external\spirv-tools\source\opt\compact_ids_pass.cpp">
      <Filter>Source Files\spirv-tools\opt</Filter>
    </ClCompile>
    <ClCompile Include="..\..\external\spirv-tools\source\opt\composite.cpp">
      <Filter>Source Files\spirv-tools\opt</Filter>
    </ClCompile>
    <ClCompile Include="..\..\external\spirv-tools\source\opt\const_folding_rules.cpp">
      <Filter>Source Files\spirv-tools\opt</Filter>
    </ClCompile>
    <ClCompile Include="..\..\external\spirv-tools\source\opt\constants.cpp">
      <Filter>Source Files\spirv-tools\opt</Filter>
    </ClCompile>
    <ClCompile Include="..\..\external\spirv-tools\source\opt\convert_to_half_pass.cpp">
      <Filter>Source Files\spirv-tools\opt</Filter>
    </ClCompile>
    <ClCompile Include="..\..\external\spirv-tools\source\opt\copy_prop_arrays.cpp">
      <Filter>Source Files\spirv-tools\opt</Filter>
    </ClCompile>
    <ClCompile Include="..\..\external\spirv-tools\source\opt\dead_branch_elim_pass.cpp">
      <Filter>Source Files\spirv-tools\opt</Filter>
    </ClCompile>
    <ClCompile Include="..\..\external\spirv-tools\source\opt\dead_insert_elim_pass.cpp">
      <Filter>Source Files\spirv-tools\opt</Filter>
    </ClCompile>
    <ClCompile Include="..\..\external\spirv-tools\source\opt\dead_variable_elimination.cpp">
      <Filter>Source Files\spirv-tools\opt</Filter>
    </ClCompile>
    <ClCompile Include="..\..\external\spirv-tools\source\opt\decompose_initialized_variables_pass.cpp">
      <Filter>Source Files\spirv-tools\opt</Filter>
    </ClCompile>
    <ClCompile Include="..\..\external\spirv-tools\source\opt\decoration_manager.cpp">
      <Filter>Source Files\spirv-tools\opt</Filter>
    </ClCompile>
    <ClCompile Include="..\..\external\spirv-tools\source\opt\def_use_manager.cpp">
      <Filter>Source Files\spirv-tools\opt</Filter>
    </ClCompile>
    <ClCompile Include="..\..\external\spirv-tools\source\opt\desc_sroa.cpp">
      <Filter>Source Files\spirv-tools\opt</Filter>
    </ClCompile>
    <ClCompile Include="..\..\external\spirv-tools\source\opt\dominator_analysis.cpp">
      <Filter>Source Files\spirv-tools\opt</Filter>
    </ClCompile>
    <ClCompile Include="..\..\external\spirv-tools\source\opt\dominator_tree.cpp">
      <Filter>Source Files\spirv-tools\opt</Filter>
    </ClCompile>
    <ClCompile Include="..\..\external\spirv-tools\source\opt\eliminate_dead_constant_pass.cpp">
      <Filter>Source Files\spirv-tools\opt</Filter>
    </ClCompile>
    <ClCompile Include="..\..\external\spirv-tools\source\opt\eliminate_dead_functions_pass.cpp">
      <Filter>Source Files\spirv-tools\opt</Filter>
    </ClCompile>
    <ClCompile Include="..\..\external\spirv-tools\source\opt\eliminate_dead_functions_util.cpp">
      <Filter>Source Files\spirv-tools\opt</Filter>
    </ClCompile>
    <ClCompile Include="..\..\external\spirv-tools\source\opt\eliminate_dead_members_pass.cpp">
      <Filter>Source Files\spirv-tools\opt</Filter>
    </ClCompile>
    <ClCompile Include="..\..\external\spirv-tools\source\opt\feature_manager.cpp">
      <Filter>Source Files\spirv-tools\opt</Filter>
    </ClCompile>
    <ClCompile Include="..\..\external\spirv-tools\source\opt\fix_storage_class.cpp">
      <Filter>Source Files\spirv-tools\opt</Filter>
    </ClCompile>
    <ClCompile Include="..\..\external\spirv-tools\source\opt\flatten_decoration_pass.cpp">
      <Filter>Source Files\spirv-tools\opt</Filter>
    </ClCompile>
    <ClCompile Include="..\..\external\spirv-tools\source\opt\fold.cpp">
      <Filter>Source Files\spirv-tools\opt</Filter>
    </ClCompile>
    <ClCompile Include="..\..\external\spirv-tools\source\opt\fold_spec_constant_op_and_composite_pass.cpp">
      <Filter>Source Files\spirv-tools\opt</Filter>
    </ClCompile>
    <ClCompile Include="..\..\external\spirv-tools\source\opt\folding_rules.cpp">
      <Filter>Source Files\spirv-tools\opt</Filter>
    </ClCompile>
    <ClCompile Include="..\..\external\spirv-tools\source\opt\freeze_spec_constant_value_pass.cpp">
      <Filter>Source Files\spirv-tools\opt</Filter>
    </ClCompile>
    <ClCompile Include="..\..\external\spirv-tools\source\opt\function.cpp">
      <Filter>Source Files\spirv-tools\opt</Filter>
    </ClCompile>
    <ClCompile Include="..\..\external\spirv-tools\source\opt\generate_webgpu_initializers_pass.cpp">
      <Filter>Source Files\spirv-tools\opt</Filter>
    </ClCompile>
    <ClCompile Include="..\..\external\spirv-tools\source\opt\graphics_robust_access_pass.cpp">
      <Filter>Source Files\spirv-tools\opt</Filter>
    </ClCompile>
    <ClCompile Include="..\..\external\spirv-tools\source\opt\if_conversion.cpp">
      <Filter>Source Files\spirv-tools\opt</Filter>
    </ClCompile>
    <ClCompile Include="..\..\external\spirv-tools\source\opt\inline_exhaustive_pass.cpp">
      <Filter>Source Files\spirv-tools\opt</Filter>
    </ClCompile>
    <ClCompile Include="..\..\external\spirv-tools\source\opt\inline_opaque_pass.cpp">
      <Filter>Source Files\spirv-tools\opt</Filter>
    </ClCompile>
    <ClCompile Include="..\..\external\spirv-tools\source\opt\inline_pass.cpp">
      <Filter>Source Files\spirv-tools\opt</Filter>
    </ClCompile>
    <ClCompile Include="..\..\external\spirv-tools\source\opt\inst_bindless_check_pass.cpp">
      <Filter>Source Files\spirv-tools\opt</Filter>
    </ClCompile>
    <ClCompile Include="..\..\external\spirv-tools\source\opt\inst_buff_addr_check_pass.cpp">
      <Filter>Source Files\spirv-tools\opt</Filter>
    </ClCompile>
    <ClCompile Include="..\..\external\spirv-tools\source\opt\instruction.cpp">
      <Filter>Source Files\spirv-tools\opt</Filter>
    </ClCompile>
    <ClCompile Include="..\..\external\spirv-tools\source\opt\instruction_list.cpp">
      <Filter>Source Files\spirv-tools\opt</Filter>
    </ClCompile>
    <ClCompile Include="..\..\external\spirv-tools\source\opt\instrument_pass.cpp">
      <Filter>Source Files\spirv-tools\opt</Filter>
    </ClCompile>
    <ClCompile Include="..\..\external\spirv-tools\source\opt\ir_context.cpp">
      <Filter>Source Files\spirv-tools\opt</Filter>
    </ClCompile>
    <ClCompile Include="..\..\external\spirv-tools\source\opt\ir_loader.cpp">
      <Filter>Source Files\spirv-tools\opt</Filter>
    </ClCompile>
    <ClCompile Include="..\..\external\spirv-tools\source\opt\legalize_vector_shuffle_pass.cpp">
      <Filter>Source Files\spirv-tools\opt</Filter>
    </ClCompile>
    <ClCompile Include="..\..\external\spirv-tools\source\opt\licm_pass.cpp">
      <Filter>Source Files\spirv-tools\opt</Filter>
    </ClCompile>
    <ClCompile Include="..\..\external\spirv-tools\source\opt\local_access_chain_convert_pass.cpp">
      <Filter>Source Files\spirv-tools\opt</Filter>
    </ClCompile>
    <ClCompile Include="..\..\external\spirv-tools\source\opt\local_redundancy_elimination.cpp">
      <Filter>Source Files\spirv-tools\opt</Filter>
    </ClCompile>
    <ClCompile Include="..\..\external\spirv-tools\source\opt\local_single_block_elim_pass.cpp">
      <Filter>Source Files\spirv-tools\opt</Filter>
    </ClCompile>
    <ClCompile Include="..\..\external\spirv-tools\source\opt\local_single_store_elim_pass.cpp">
      <Filter>Source Files\spirv-tools\opt</Filter>
    </ClCompile>
    <ClCompile Include="..\..\external\spirv-tools\source\opt\loop_dependence.cpp">
      <Filter>Source Files\spirv-tools\opt</Filter>
    </ClCompile>
    <ClCompile Include="..\..\external\spirv-tools\source\opt\loop_dependence_helpers.cpp">
      <Filter>Source Files\spirv-tools\opt</Filter>
    </ClCompile>
    <ClCompile Include="..\..\external\spirv-tools\source\opt\loop_descriptor.cpp">
      <Filter>Source Files\spirv-tools\opt</Filter>
    </ClCompile>
    <ClCompile Include="..\..\external\spirv-tools\source\opt\loop_fission.cpp">
      <Filter>Source Files\spirv-tools\opt</Filter>
    </ClCompile>
    <ClCompile Include="..\..\external\spirv-tools\source\opt\loop_fusion.cpp">
      <Filter>Source Files\spirv-tools\opt</Filter>
    </ClCompile>
    <ClCompile Include="..\..\external\spirv-tools\source\opt\loop_fusion_pass.cpp">
      <Filter>Source Files\spirv-tools\opt</Filter>
    </ClCompile>
    <ClCompile Include="..\..\external\spirv-tools\source\opt\loop_peeling.cpp">
      <Filter>Source Files\spirv-tools\opt</Filter>
    </ClCompile>
    <ClCompile Include="..\..\external\spirv-tools\source\opt\loop_unroller.cpp">
      <Filter>Source Files\spirv-tools\opt</Filter>
    </ClCompile>
    <ClCompile Include="..\..\external\spirv-tools\source\opt\loop_unswitch_pass.cpp">
      <Filter>Source Files\spirv-tools\opt</Filter>
    </ClCompile>
    <ClCompile Include="..\..\external\spirv-tools\source\opt\loop_utils.cpp">
      <Filter>Source Files\spirv-tools\opt</Filter>
    </ClCompile>
    <ClCompile Include="..\..\external\spirv-tools\source\opt\mem_pass.cpp">
      <Filter>Source Files\spirv-tools\opt</Filter>
    </ClCompile>
    <ClCompile Include="..\..\external\spirv-tools\source\opt\merge_return_pass.cpp">
      <Filter>Source Files\spirv-tools\opt</Filter>
    </ClCompile>
    <ClCompile Include="..\..\external\spirv-tools\source\opt\module.cpp">
      <Filter>Source Files\spirv-tools\opt</Filter>
    </ClCompile>
    <ClCompile Include="..\..\external\spirv-tools\source\opt\optimizer.cpp">
      <Filter>Source Files\spirv-tools\opt</Filter>
    </ClCompile>
    <ClCompile Include="..\..\external\spirv-tools\source\opt\pass.cpp">
      <Filter>Source Files\spirv-tools\opt</Filter>
    </ClCompile>
    <ClCompile Include="..\..\external\spirv-tools\source\opt\pass_manager.cpp">
      <Filter>Source Files\spirv-tools\opt</Filter>
    </ClCompile>
    <ClCompile Include="..\..\external\spirv-tools\source\opt\pch_source_opt.cpp">
      <Filter>Source Files\spirv-tools\opt</Filter>
    </ClCompile>
    <ClCompile Include="..\..\external\spirv-tools\source\opt\private_to_local_pass.cpp">
      <Filter>Source Files\spirv-tools\opt</Filter>
    </ClCompile>
    <ClCompile Include="..\..\external\spirv-tools\source\opt\process_lines_pass.cpp">
      <Filter>Source Files\spirv-tools\opt</Filter>
    </ClCompile>
    <ClCompile Include="..\..\external\spirv-tools\source\opt\propagator.cpp">
      <Filter>Source Files\spirv-tools\opt</Filter>
    </ClCompile>
    <ClCompile Include="..\..\external\spirv-tools\source\opt\reduce_load_size.cpp">
      <Filter>Source Files\spirv-tools\opt</Filter>
    </ClCompile>
    <ClCompile Include="..\..\external\spirv-tools\source\opt\redundancy_elimination.cpp">
      <Filter>Source Files\spirv-tools\opt</Filter>
    </ClCompile>
    <ClCompile Include="..\..\external\spirv-tools\source\opt\register_pressure.cpp">
      <Filter>Source Files\spirv-tools\opt</Filter>
    </ClCompile>
    <ClCompile Include="..\..\external\spirv-tools\source\opt\relax_float_ops_pass.cpp">
      <Filter>Source Files\spirv-tools\opt</Filter>
    </ClCompile>
    <ClCompile Include="..\..\external\spirv-tools\source\opt\remove_duplicates_pass.cpp">
      <Filter>Source Files\spirv-tools\opt</Filter>
    </ClCompile>
    <ClCompile Include="..\..\external\spirv-tools\source\opt\replace_invalid_opc.cpp">
      <Filter>Source Files\spirv-tools\opt</Filter>
    </ClCompile>
    <ClCompile Include="..\..\external\spirv-tools\source\opt\scalar_analysis.cpp">
      <Filter>Source Files\spirv-tools\opt</Filter>
    </ClCompile>
    <ClCompile Include="..\..\external\spirv-tools\source\opt\scalar_analysis_simplification.cpp">
      <Filter>Source Files\spirv-tools\opt</Filter>
    </ClCompile>
    <ClCompile Include="..\..\external\spirv-tools\source\opt\scalar_replacement_pass.cpp">
      <Filter>Source Files\spirv-tools\opt</Filter>
    </ClCompile>
    <ClCompile Include="..\..\external\spirv-tools\source\opt\set_spec_constant_default_value_pass.cpp">
      <Filter>Source Files\spirv-tools\opt</Filter>
    </ClCompile>
    <ClCompile Include="..\..\external\spirv-tools\source\opt\simplification_pass.cpp">
      <Filter>Source Files\spirv-tools\opt</Filter>
    </ClCompile>
    <ClCompile Include="..\..\external\spirv-tools\source\opt\split_invalid_unreachable_pass.cpp">
      <Filter>Source Files\spirv-tools\opt</Filter>
    </ClCompile>
    <ClCompile Include="..\..\external\spirv-tools\source\opt\ssa_rewrite_pass.cpp">
      <Filter>Source Files\spirv-tools\opt</Filter>
    </ClCompile>
    <ClCompile Include="..\..\external\spirv-tools\source\opt\strength_reduction_pass.cpp">
      <Filter>Source Files\spirv-tools\opt</Filter>
    </ClCompile>
    <ClCompile Include="..\..\external\spirv-tools\source\opt\strip_atomic_counter_memory_pass.cpp">
      <Filter>Source Files\spirv-tools\opt</Filter>
    </ClCompile>
    <ClCompile Include="..\..\external\spirv-tools\source\opt\strip_debug_info_pass.cpp">
      <Filter>Source Files\spirv-tools\opt</Filter>
    </ClCompile>
    <ClCompile Include="..\..\external\spirv-tools\source\opt\strip_reflect_info_pass.cpp">
      <Filter>Source Files\spirv-tools\opt</Filter>
    </ClCompile>
    <ClCompile Include="..\..\external\spirv-tools\source\opt\struct_cfg_analysis.cpp">
      <Filter>Source Files\spirv-tools\opt</Filter>
    </ClCompile>
    <ClCompile Include="..\..\external\spirv-tools\source\opt\type_manager.cpp">
      <Filter>Source Files\spirv-tools\opt</Filter>
    </ClCompile>
    <ClCompile Include="..\..\external\spirv-tools\source\opt\types.cpp">
      <Filter>Source Files\spirv-tools\opt</Filter>
    </ClCompile>
    <ClCompile Include="..\..\external\spirv-tools\source\opt\unify_const_pass.cpp">
      <Filter>Source Files\spirv-tools\opt</Filter>
    </ClCompile>
    <ClCompile Include="..\..\external\spirv-tools\source\opt\upgrade_memory_model.cpp">
      <Filter>Source Files\spirv-tools\opt</Filter>
    </ClCompile>
    <ClCompile Include="..\..\external\spirv-tools\source\opt\value_number_table.cpp">
      <Filter>Source Files\spirv-tools\opt</Filter>
    </ClCompile>
    <ClCompile Include="..\..\external\spirv-tools\source\opt\vector_dce.cpp">
      <Filter>Source Files\spirv-tools\opt</Filter>
    </ClCompile>
    <ClCompile Include="..\..\external\spirv-tools\source\opt\workaround1209.cpp">
      <Filter>Source Files\spirv-tools\opt</Filter>
    </ClCompile>
    <ClCompile Include="..\..\external\spirv-tools\source\opt\wrap_opkill.cpp">
      <Filter>Source Files\spirv-tools\opt</Filter>
    </ClCompile>
    <ClCompile Include="..\..\external\spirv-tools\source\val\basic_block.cpp">
      <Filter>Source Files\spirv-tools\val</Filter>
    </ClCompile>
    <ClCompile Include="..\..\external\spirv-tools\source\val\construct.cpp">
      <Filter>Source Files\spirv-tools\val</Filter>
    </ClCompile>
    <ClCompile Include="..\..\external\spirv-tools\source\val\function.cpp">
      <Filter>Source Files\spirv-tools\val</Filter>
    </ClCompile>
    <ClCompile Include="..\..\external\spirv-tools\source\val\instruction.cpp">
      <Filter>Source Files\spirv-tools\val</Filter>
    </ClCompile>
    <ClCompile Include="..\..\external\spirv-tools\source\val\validate.cpp">
      <Filter>Source Files\spirv-tools\val</Filter>
    </ClCompile>
    <ClCompile Include="..\..\external\spirv-tools\source\val\validate_adjacency.cpp">
      <Filter>Source Files\spirv-tools\val</Filter>
    </ClCompile>
    <ClCompile Include="..\..\external\spirv-tools\source\val\validate_annotation.cpp">
      <Filter>Source Files\spirv-tools\val</Filter>
    </ClCompile>
    <ClCompile Include="..\..\external\spirv-tools\source\val\validate_arithmetics.cpp">
      <Filter>Source Files\spirv-tools\val</Filter>
    </ClCompile>
    <ClCompile Include="..\..\external\spirv-tools\source\val\validate_atomics.cpp">
      <Filter>Source Files\spirv-tools\val</Filter>
    </ClCompile>
    <ClCompile Include="..\..\external\spirv-tools\source\val\validate_barriers.cpp">
      <Filter>Source Files\spirv-tools\val</Filter>
    </ClCompile>
    <ClCompile Include="..\..\external\spirv-tools\source\val\validate_bitwise.cpp">
      <Filter>Source Files\spirv-tools\val</Filter>
    </ClCompile>
    <ClCompile Include="..\..\external\spirv-tools\source\val\validate_builtins.cpp">
      <Filter>Source Files\spirv-tools\val</Filter>
    </ClCompile>
    <ClCompile Include="..\..\external\spirv-tools\source\val\validate_capability.cpp">
      <Filter>Source Files\spirv-tools\val</Filter>
    </ClCompile>
    <ClCompile Include="..\..\external\spirv-tools\source\val\validate_cfg.cpp">
      <Filter>Source Files\spirv-tools\val</Filter>
    </ClCompile>
    <ClCompile Include="..\..\external\spirv-tools\source\val\validate_composites.cpp">
      <Filter>Source Files\spirv-tools\val</Filter>
    </ClCompile>
    <ClCompile Include="..\..\external\spirv-tools\source\val\validate_constants.cpp">
      <Filter>Source Files\spirv-tools\val</Filter>
    </ClCompile>
    <ClCompile Include="..\..\external\spirv-tools\source\val\validate_conversion.cpp">
      <Filter>Source Files\spirv-tools\val</Filter>
    </ClCompile>
    <ClCompile Include="..\..\external\spirv-tools\source\val\validate_debug.cpp">
      <Filter>Source Files\spirv-tools\val</Filter>
    </ClCompile>
    <ClCompile Include="..\..\external\spirv-tools\source\val\validate_decorations.cpp">
      <Filter>Source Files\spirv-tools\val</Filter>
    </ClCompile>
    <ClCompile Include="..\..\external\spirv-tools\source\val\validate_derivatives.cpp">
      <Filter>Source Files\spirv-tools\val</Filter>
    </ClCompile>
    <ClCompile Include="..\..\external\spirv-tools\source\val\validate_execution_limitations.cpp">
      <Filter>Source Files\spirv-tools\val</Filter>
    </ClCompile>
    <ClCompile Include="..\..\external\spirv-tools\source\val\validate_extensions.cpp">
      <Filter>Source Files\spirv-tools\val</Filter>
    </ClCompile>
    <ClCompile Include="..\..\external\spirv-tools\source\val\validate_function.cpp">
      <Filter>Source Files\spirv-tools\val</Filter>
    </ClCompile>
    <ClCompile Include="..\..\external\spirv-tools\source\val\validate_id.cpp">
      <Filter>Source Files\spirv-tools\val</Filter>
    </ClCompile>
    <ClCompile Include="..\..\external\spirv-tools\source\val\validate_image.cpp">
      <Filter>Source Files\spirv-tools\val</Filter>
    </ClCompile>
    <ClCompile Include="..\..\external\spirv-tools\source\val\validate_instruction.cpp">
      <Filter>Source Files\spirv-tools\val</Filter>
    </ClCompile>
    <ClCompile Include="..\..\external\spirv-tools\source\val\validate_interfaces.cpp">
      <Filter>Source Files\spirv-tools\val</Filter>
    </ClCompile>
    <ClCompile Include="..\..\external\spirv-tools\source\val\validate_layout.cpp">
      <Filter>Source Files\spirv-tools\val</Filter>
    </ClCompile>
    <ClCompile Include="..\..\external\spirv-tools\source\val\validate_literals.cpp">
      <Filter>Source Files\spirv-tools\val</Filter>
    </ClCompile>
    <ClCompile Include="..\..\external\spirv-tools\source\val\validate_logicals.cpp">
      <Filter>Source Files\spirv-tools\val</Filter>
    </ClCompile>
    <ClCompile Include="..\..\external\spirv-tools\source\val\validate_memory.cpp">
      <Filter>Source Files\spirv-tools\val</Filter>
    </ClCompile>
    <ClCompile Include="..\..\external\spirv-tools\source\val\validate_memory_semantics.cpp">
      <Filter>Source Files\spirv-tools\val</Filter>
    </ClCompile>
    <ClCompile Include="..\..\external\spirv-tools\source\val\validate_misc.cpp">
      <Filter>Source Files\spirv-tools\val</Filter>
    </ClCompile>
    <ClCompile Include="..\..\external\spirv-tools\source\val\validate_mode_setting.cpp">
      <Filter>Source Files\spirv-tools\val</Filter>
    </ClCompile>
    <ClCompile Include="..\..\external\spirv-tools\source\val\validate_non_uniform.cpp">
      <Filter>Source Files\spirv-tools\val</Filter>
    </ClCompile>
    <ClCompile Include="..\..\external\spirv-tools\source\val\validate_primitives.cpp">
      <Filter>Source Files\spirv-tools\val</Filter>
    </ClCompile>
    <ClCompile Include="..\..\external\spirv-tools\source\val\validate_scopes.cpp">
      <Filter>Source Files\spirv-tools\val</Filter>
    </ClCompile>
    <ClCompile Include="..\..\external\spirv-tools\source\val\validate_small_type_uses.cpp">
      <Filter>Source Files\spirv-tools\val</Filter>
    </ClCompile>
    <ClCompile Include="..\..\external\spirv-tools\source\val\validate_type.cpp">
      <Filter>Source Files\spirv-tools\val</Filter>
    </ClCompile>
    <ClCompile Include="..\..\external\spirv-tools\source\val\validation_state.cpp">
      <Filter>Source Files\spirv-tools\val</Filter>
    </ClCompile>
    <ClCompile Include="..\..\external\spirv-tools\source\util\bit_vector.cpp">
      <Filter>Source Files\spirv-tools\util</Filter>
    </ClCompile>
    <ClCompile Include="..\..\external\spirv-tools\source\util\parse_number.cpp">
      <Filter>Source Files\spirv-tools\util</Filter>
    </ClCompile>
    <ClCompile Include="..\..\external\spirv-tools\source\util\string_utils.cpp">
      <Filter>Source Files\spirv-tools\util</Filter>
    </ClCompile>
    <ClCompile Include="..\..\external\spirv-tools\source\util\timer.cpp">
      <Filter>Source Files\spirv-tools\util</Filter>
    </ClCompile>
    <ClCompile Include="..\..\external\glslang\glslang\MachineIndependent\attribute.cpp">
      <Filter>Source Files\glslang</Filter>
    </ClCompile>
    <ClCompile Include="..\..\external\glslang\glslang\GenericCodeGen\CodeGen.cpp">
      <Filter>Source Files\glslang</Filter>
    </ClCompile>
    <ClCompile Include="..\..\external\glslang\glslang\MachineIndependent\Constant.cpp">
      <Filter>Source Files\glslang</Filter>
    </ClCompile>
    <ClCompile Include="..\..\external\glslang\SPIRV\disassemble.cpp">
      <Filter>Source Files\glslang</Filter>
    </ClCompile>
    <ClCompile Include="..\..\external\glslang\SPIRV\doc.cpp">
      <Filter>Source Files\glslang</Filter>
    </ClCompile>
    <ClCompile Include="..\..\external\glslang\glslang\MachineIndependent\glslang_tab.cpp">
      <Filter>Source Files\glslang</Filter>
    </ClCompile>
    <ClCompile Include="..\..\external\glslang\SPIRV\GlslangToSpv.cpp">
      <Filter>Source Files\glslang</Filter>
    </ClCompile>
    <ClCompile Include="..\..\external\glslang\glslang\MachineIndependent\InfoSink.cpp">
      <Filter>Source Files\glslang</Filter>
    </ClCompile>
    <ClCompile Include="..\..\external\glslang\glslang\MachineIndependent\Initialize.cpp">
      <Filter>Source Files\glslang</Filter>
    </ClCompile>
    <ClCompile Include="..\..\external\glslang\OGLCompilersDLL\InitializeDll.cpp">
      <Filter>Source Files\glslang</Filter>
    </ClCompile>
    <ClCompile Include="..\..\external\glslang\SPIRV\InReadableOrder.cpp">
      <Filter>Source Files\glslang</Filter>
    </ClCompile>
    <ClCompile Include="..\..\external\glslang\glslang\MachineIndependent\Intermediate.cpp">
      <Filter>Source Files\glslang</Filter>
    </ClCompile>
    <ClCompile Include="..\..\external\glslang\glslang\MachineIndependent\intermOut.cpp">
      <Filter>Source Files\glslang</Filter>
    </ClCompile>
    <ClCompile Include="..\..\external\glslang\glslang\MachineIndependent\IntermTraverse.cpp">
      <Filter>Source Files\glslang</Filter>
    </ClCompile>
    <ClCompile Include="..\..\external\glslang\glslang\MachineIndependent\iomapper.cpp">
      <Filter>Source Files\glslang</Filter>
    </ClCompile>
    <ClCompile Include="..\..\external\glslang\glslang\MachineIndependent\limits.cpp">
      <Filter>Source Files\glslang</Filter>
    </ClCompile>
    <ClCompile Include="..\..\external\glslang\glslang\GenericCodeGen\Link.cpp">
      <Filter>Source Files\glslang</Filter>
    </ClCompile>
    <ClCompile Include="..\..\external\glslang\glslang\MachineIndependent\linkValidate.cpp">
      <Filter>Source Files\glslang</Filter>
    </ClCompile>
    <ClCompile Include="..\..\external\glslang\SPIRV\Logger.cpp">
      <Filter>Source Files\glslang</Filter>
    </ClCompile>
    <ClCompile Include="..\..\external\glslang\glslang\OSDependent\Windows\ossource.cpp">
      <Filter>Source Files\glslang</Filter>
    </ClCompile>
    <ClCompile Include="..\..\external\glslang\glslang\MachineIndependent\parseConst.cpp">
      <Filter>Source Files\glslang</Filter>
    </ClCompile>
    <ClCompile Include="..\..\external\glslang\glslang\MachineIndependent\ParseContextBase.cpp">
      <Filter>Source Files\glslang</Filter>
    </ClCompile>
    <ClCompile Include="..\..\external\glslang\glslang\MachineIndependent\ParseHelper.cpp">
      <Filter>Source Files\glslang</Filter>
    </ClCompile>
    <ClCompile Include="..\..\external\glslang\glslang\MachineIndependent\pch.cpp">
      <Filter>Source Files\glslang</Filter>
    </ClCompile>
    <ClCompile Include="..\..\external\glslang\glslang\MachineIndependent\PoolAlloc.cpp">
      <Filter>Source Files\glslang</Filter>
    </ClCompile>
    <ClCompile Include="..\..\external\glslang\glslang\MachineIndependent\preprocessor\Pp.cpp">
      <Filter>Source Files\glslang</Filter>
    </ClCompile>
    <ClCompile Include="..\..\external\glslang\glslang\MachineIndependent\preprocessor\PpAtom.cpp">
      <Filter>Source Files\glslang</Filter>
    </ClCompile>
    <ClCompile Include="..\..\external\glslang\glslang\MachineIndependent\preprocessor\PpContext.cpp">
      <Filter>Source Files\glslang</Filter>
    </ClCompile>
    <ClCompile Include="..\..\external\glslang\glslang\MachineIndependent\preprocessor\PpScanner.cpp">
      <Filter>Source Files\glslang</Filter>
    </ClCompile>
    <ClCompile Include="..\..\external\glslang\glslang\MachineIndependent\preprocessor\PpTokens.cpp">
      <Filter>Source Files\glslang</Filter>
    </ClCompile>
    <ClCompile Include="..\..\external\glslang\glslang\MachineIndependent\propagateNoContraction.cpp">
      <Filter>Source Files\glslang</Filter>
    </ClCompile>
    <ClCompile Include="..\..\external\glslang\glslang\MachineIndependent\reflection.cpp">
      <Filter>Source Files\glslang</Filter>
    </ClCompile>
    <ClCompile Include="..\..\external\glslang\glslang\MachineIndependent\RemoveTree.cpp">
      <Filter>Source Files\glslang</Filter>
    </ClCompile>
    <ClCompile Include="..\..\external\glslang\StandAlone\ResourceLimits.cpp">
      <Filter>Source Files\glslang</Filter>
    </ClCompile>
    <ClCompile Include="..\..\external\glslang\glslang\MachineIndependent\Scan.cpp">
      <Filter>Source Files\glslang</Filter>
    </ClCompile>
    <ClCompile Include="..\..\external\glslang\glslang\MachineIndependent\ShaderLang.cpp">
      <Filter>Source Files\glslang</Filter>
    </ClCompile>
    <ClCompile Include="..\..\external\glslang\StandAlone\spirv-remap.cpp">
      <Filter>Source Files\glslang</Filter>
    </ClCompile>
    <ClCompile Include="..\..\external\glslang\SPIRV\SpvBuilder.cpp">
      <Filter>Source Files\glslang</Filter>
    </ClCompile>
    <ClCompile Include="..\..\external\glslang\SPIRV\SpvPostProcess.cpp">
      <Filter>Source Files\glslang</Filter>
    </ClCompile>
    <ClCompile Include="..\..\external\glslang\SPIRV\SPVRemapper.cpp">
      <Filter>Source Files\glslang</Filter>
    </ClCompile>
    <ClCompile Include="..\..\external\glslang\SPIRV\SpvTools.cpp">
      <Filter>Source Files\glslang</Filter>
    </ClCompile>
    <ClCompile Include="..\..\external\glslang\glslang\MachineIndependent\SymbolTable.cpp">
      <Filter>Source Files\glslang</Filter>
    </ClCompile>
    <ClCompile Include="..\..\external\glslang\glslang\MachineIndependent\Versions.cpp">
      <Filter>Source Files\glslang</Filter>
    </ClCompile>
  </ItemGroup>
</Project>