<?xml version="1.0" encoding="utf-8"?>
<Project ToolsVersion="4.0" xmlns="http://schemas.microsoft.com/developer/msbuild/2003">
  <ItemGroup>
    <Filter Include="Header Files">
      <UniqueIdentifier>{21EB8090-0D4E-1035-B6D3-48EBA215DCB7}</UniqueIdentifier>
    </Filter>
    <Filter Include="Source Files">
      <UniqueIdentifier>{E9C7FDCE-D52A-8D73-7EB0-C5296AF258F6}</UniqueIdentifier>
    </Filter>
  </ItemGroup>
  <ItemGroup>
    <ClInclude Include="circular-resource-heap-d3d12.h">
      <Filter>Header Files</Filter>
    </ClInclude>
    <ClInclude Include="d3d-util.h">
      <Filter>Header Files</Filter>
    </ClInclude>
    <ClInclude Include="descriptor-heap-d3d12.h">
      <Filter>Header Files</Filter>
    </ClInclude>
    <ClInclude Include="flag-combiner.h">
      <Filter>Header Files</Filter>
    </ClInclude>
    <ClInclude Include="gui.h">
      <Filter>Header Files</Filter>
    </ClInclude>
    <ClInclude Include="model.h">
      <Filter>Header Files</Filter>
    </ClInclude>
    <ClInclude Include="render-d3d11.h">
      <Filter>Header Files</Filter>
    </ClInclude>
    <ClInclude Include="render-d3d12.h">
      <Filter>Header Files</Filter>
    </ClInclude>
    <ClInclude Include="render-gl.h">
      <Filter>Header Files</Filter>
    </ClInclude>
    <ClInclude Include="render-vk.h">
      <Filter>Header Files</Filter>
    </ClInclude>
    <ClInclude Include="render.h">
      <Filter>Header Files</Filter>
    </ClInclude>
    <ClInclude Include="resource-d3d12.h">
      <Filter>Header Files</Filter>
    </ClInclude>
    <ClInclude Include="surface.h">
      <Filter>Header Files</Filter>
    </ClInclude>
    <ClInclude Include="vector-math.h">
      <Filter>Header Files</Filter>
    </ClInclude>
    <ClInclude Include="vk-api.h">
      <Filter>Header Files</Filter>
    </ClInclude>
    <ClInclude Include="vk-device-queue.h">
      <Filter>Header Files</Filter>
    </ClInclude>
    <ClInclude Include="vk-module.h">
      <Filter>Header Files</Filter>
    </ClInclude>
    <ClInclude Include="vk-swap-chain.h">
      <Filter>Header Files</Filter>
    </ClInclude>
    <ClInclude Include="vk-util.h">
      <Filter>Header Files</Filter>
    </ClInclude>
    <ClInclude Include="window.h">
      <Filter>Header Files</Filter>
    </ClInclude>
  </ItemGroup>
  <ItemGroup>
    <ClCompile Include="circular-resource-heap-d3d12.cpp">
      <Filter>Source Files</Filter>
    </ClCompile>
    <ClCompile Include="d3d-util.cpp">
      <Filter>Source Files</Filter>
    </ClCompile>
    <ClCompile Include="descriptor-heap-d3d12.cpp">
      <Filter>Source Files</Filter>
    </ClCompile>
    <ClCompile Include="flag-combiner.cpp">
      <Filter>Source Files</Filter>
    </ClCompile>
    <ClCompile Include="gui.cpp">
      <Filter>Source Files</Filter>
    </ClCompile>
    <ClCompile Include="model.cpp">
      <Filter>Source Files</Filter>
    </ClCompile>
    <ClCompile Include="render-d3d11.cpp">
      <Filter>Source Files</Filter>
    </ClCompile>
    <ClCompile Include="render-d3d12.cpp">
      <Filter>Source Files</Filter>
    </ClCompile>
    <ClCompile Include="render-gl.cpp">
      <Filter>Source Files</Filter>
    </ClCompile>
    <ClCompile Include="render-vk.cpp">
      <Filter>Source Files</Filter>
    </ClCompile>
    <ClCompile Include="render.cpp">
      <Filter>Source Files</Filter>
    </ClCompile>
    <ClCompile Include="resource-d3d12.cpp">
      <Filter>Source Files</Filter>
    </ClCompile>
    <ClCompile Include="surface.cpp">
      <Filter>Source Files</Filter>
    </ClCompile>
    <ClCompile Include="vk-api.cpp">
      <Filter>Source Files</Filter>
    </ClCompile>
    <ClCompile Include="vk-device-queue.cpp">
      <Filter>Source Files</Filter>
    </ClCompile>
    <ClCompile Include="vk-module.cpp">
      <Filter>Source Files</Filter>
    </ClCompile>
    <ClCompile Include="vk-swap-chain.cpp">
      <Filter>Source Files</Filter>
    </ClCompile>
    <ClCompile Include="vk-util.cpp">
      <Filter>Source Files</Filter>
    </ClCompile>
    <ClCompile Include="window.cpp">
      <Filter>Source Files</Filter>
    </ClCompile>
  </ItemGroup>
</Project>